// !$*UTF8*$!
{
	archiveVersion = 1;
	classes = {
	};
	objectVersion = 46;
	objects = {

/* Begin PBXBuildFile section */
		659699DB1515718800724EBE /* UIKit.framework in Frameworks */ = {isa = PBXBuildFile; fileRef = 659699DA1515718800724EBE /* UIKit.framework */; };
		659699DD1515718800724EBE /* Foundation.framework in Frameworks */ = {isa = PBXBuildFile; fileRef = 659699DC1515718800724EBE /* Foundation.framework */; };
		659699DF1515718800724EBE /* CoreGraphics.framework in Frameworks */ = {isa = PBXBuildFile; fileRef = 659699DE1515718800724EBE /* CoreGraphics.framework */; };
		659699E51515718800724EBE /* InfoPlist.strings in Resources */ = {isa = PBXBuildFile; fileRef = 659699E31515718800724EBE /* InfoPlist.strings */; };
		659699E71515718800724EBE /* main.m in Sources */ = {isa = PBXBuildFile; fileRef = 659699E61515718800724EBE /* main.m */; };
		659699EB1515718800724EBE /* AppDelegate.m in Sources */ = {isa = PBXBuildFile; fileRef = 659699EA1515718800724EBE /* AppDelegate.m */; };
		659699EE1515718800724EBE /* ViewController.m in Sources */ = {isa = PBXBuildFile; fileRef = 659699ED1515718800724EBE /* ViewController.m */; };
		659699F11515718800724EBE /* ViewController_iPhone.xib in Resources */ = {isa = PBXBuildFile; fileRef = 659699EF1515718800724EBE /* ViewController_iPhone.xib */; };
		659699F41515718800724EBE /* ViewController_iPad.xib in Resources */ = {isa = PBXBuildFile; fileRef = 659699F21515718800724EBE /* ViewController_iPad.xib */; };
		65969A00151571E700724EBE /* GameCenterManager.m in Sources */ = {isa = PBXBuildFile; fileRef = 659699FF151571E700724EBE /* GameCenterManager.m */; };
		65969A06151572D800724EBE /* GameKit.framework in Frameworks */ = {isa = PBXBuildFile; fileRef = 65969A05151572D800724EBE /* GameKit.framework */; };
		65969A091515742600724EBE /* Reachability.m in Sources */ = {isa = PBXBuildFile; fileRef = 65969A081515742600724EBE /* Reachability.m */; };
		65969A0B1515748900724EBE /* SystemConfiguration.framework in Frameworks */ = {isa = PBXBuildFile; fileRef = 65969A0A1515748900724EBE /* SystemConfiguration.framework */; };
		65CE18B11539D764001D6C58 /* NSDataAES256.m in Sources */ = {isa = PBXBuildFile; fileRef = 65CE18B01539D764001D6C58 /* NSDataAES256.m */; };
		9942A4F7172CB72100554A22 /* GameCenterIcon.png in Resources */ = {isa = PBXBuildFile; fileRef = 9942A4F5172CB72100554A22 /* GameCenterIcon.png */; };
		9942A4F8172CB72100554A22 /* GameCenterIcon@2x.png in Resources */ = {isa = PBXBuildFile; fileRef = 9942A4F6172CB72100554A22 /* GameCenterIcon@2x.png */; };
		9942A500172CBA2300554A22 /* Default-568h@2x.png in Resources */ = {isa = PBXBuildFile; fileRef = 9942A4F9172CBA2300554A22 /* Default-568h@2x.png */; };
		9942A501172CBA2300554A22 /* Default-Landscape@2x~ipad.png in Resources */ = {isa = PBXBuildFile; fileRef = 9942A4FA172CBA2300554A22 /* Default-Landscape@2x~ipad.png */; };
		9942A502172CBA2300554A22 /* Default-Landscape~ipad.png in Resources */ = {isa = PBXBuildFile; fileRef = 9942A4FB172CBA2300554A22 /* Default-Landscape~ipad.png */; };
		9942A503172CBA2300554A22 /* Default-Portrait@2x~ipad.png in Resources */ = {isa = PBXBuildFile; fileRef = 9942A4FC172CBA2300554A22 /* Default-Portrait@2x~ipad.png */; };
		9942A504172CBA2300554A22 /* Default-Portrait~ipad.png in Resources */ = {isa = PBXBuildFile; fileRef = 9942A4FD172CBA2300554A22 /* Default-Portrait~ipad.png */; };
		9942A505172CBA2300554A22 /* Default.png in Resources */ = {isa = PBXBuildFile; fileRef = 9942A4FE172CBA2300554A22 /* Default.png */; };
		9942A506172CBA2300554A22 /* Default@2x.png in Resources */ = {isa = PBXBuildFile; fileRef = 9942A4FF172CBA2300554A22 /* Default@2x.png */; };
		9942A510172CBBE100554A22 /* Icon.png in Resources */ = {isa = PBXBuildFile; fileRef = 9942A50F172CBBE100554A22 /* Icon.png */; };
		9942A512172CBBE400554A22 /* Icon@2x.png in Resources */ = {isa = PBXBuildFile; fileRef = 9942A511172CBBE400554A22 /* Icon@2x.png */; };
		9942A514172CBBF200554A22 /* iPadIcon.png in Resources */ = {isa = PBXBuildFile; fileRef = 9942A513172CBBF200554A22 /* iPadIcon.png */; };
		9942A516172CBBF600554A22 /* iPadIcon@2x.png in Resources */ = {isa = PBXBuildFile; fileRef = 9942A515172CBBF600554A22 /* iPadIcon@2x.png */; };
/* End PBXBuildFile section */

/* Begin PBXFileReference section */
		659699D61515718800724EBE /* GameCenterManager.app */ = {isa = PBXFileReference; explicitFileType = wrapper.application; includeInIndex = 0; path = GameCenterManager.app; sourceTree = BUILT_PRODUCTS_DIR; };
		659699DA1515718800724EBE /* UIKit.framework */ = {isa = PBXFileReference; lastKnownFileType = wrapper.framework; name = UIKit.framework; path = System/Library/Frameworks/UIKit.framework; sourceTree = SDKROOT; };
		659699DC1515718800724EBE /* Foundation.framework */ = {isa = PBXFileReference; lastKnownFileType = wrapper.framework; name = Foundation.framework; path = System/Library/Frameworks/Foundation.framework; sourceTree = SDKROOT; };
		659699DE1515718800724EBE /* CoreGraphics.framework */ = {isa = PBXFileReference; lastKnownFileType = wrapper.framework; name = CoreGraphics.framework; path = System/Library/Frameworks/CoreGraphics.framework; sourceTree = SDKROOT; };
		659699E21515718800724EBE /* GameCenterManager-Info.plist */ = {isa = PBXFileReference; lastKnownFileType = text.plist.xml; path = "GameCenterManager-Info.plist"; sourceTree = "<group>"; };
		659699E41515718800724EBE /* en */ = {isa = PBXFileReference; lastKnownFileType = text.plist.strings; name = en; path = en.lproj/InfoPlist.strings; sourceTree = "<group>"; };
		659699E61515718800724EBE /* main.m */ = {isa = PBXFileReference; lastKnownFileType = sourcecode.c.objc; path = main.m; sourceTree = "<group>"; };
		659699E81515718800724EBE /* GameCenterManager-Prefix.pch */ = {isa = PBXFileReference; lastKnownFileType = sourcecode.c.h; path = "GameCenterManager-Prefix.pch"; sourceTree = "<group>"; };
		659699E91515718800724EBE /* AppDelegate.h */ = {isa = PBXFileReference; lastKnownFileType = sourcecode.c.h; path = AppDelegate.h; sourceTree = "<group>"; };
		659699EA1515718800724EBE /* AppDelegate.m */ = {isa = PBXFileReference; lastKnownFileType = sourcecode.c.objc; path = AppDelegate.m; sourceTree = "<group>"; };
		659699EC1515718800724EBE /* ViewController.h */ = {isa = PBXFileReference; lastKnownFileType = sourcecode.c.h; path = ViewController.h; sourceTree = "<group>"; };
		659699ED1515718800724EBE /* ViewController.m */ = {isa = PBXFileReference; lastKnownFileType = sourcecode.c.objc; path = ViewController.m; sourceTree = "<group>"; };
		659699F01515718800724EBE /* en */ = {isa = PBXFileReference; lastKnownFileType = file.xib; name = en; path = en.lproj/ViewController_iPhone.xib; sourceTree = "<group>"; };
		659699F31515718800724EBE /* en */ = {isa = PBXFileReference; lastKnownFileType = file.xib; name = en; path = en.lproj/ViewController_iPad.xib; sourceTree = "<group>"; };
		659699FE151571E600724EBE /* GameCenterManager.h */ = {isa = PBXFileReference; fileEncoding = 4; lastKnownFileType = sourcecode.c.h; path = GameCenterManager.h; sourceTree = "<group>"; };
		659699FF151571E700724EBE /* GameCenterManager.m */ = {isa = PBXFileReference; fileEncoding = 4; lastKnownFileType = sourcecode.c.objc; path = GameCenterManager.m; sourceTree = "<group>"; };
		65969A05151572D800724EBE /* GameKit.framework */ = {isa = PBXFileReference; lastKnownFileType = wrapper.framework; name = GameKit.framework; path = System/Library/Frameworks/GameKit.framework; sourceTree = SDKROOT; };
		65969A071515742600724EBE /* Reachability.h */ = {isa = PBXFileReference; fileEncoding = 4; lastKnownFileType = sourcecode.c.h; path = Reachability.h; sourceTree = "<group>"; };
		65969A081515742600724EBE /* Reachability.m */ = {isa = PBXFileReference; fileEncoding = 4; lastKnownFileType = sourcecode.c.objc; path = Reachability.m; sourceTree = "<group>"; };
		65969A0A1515748900724EBE /* SystemConfiguration.framework */ = {isa = PBXFileReference; lastKnownFileType = wrapper.framework; name = SystemConfiguration.framework; path = System/Library/Frameworks/SystemConfiguration.framework; sourceTree = SDKROOT; };
		65CE18AF1539D764001D6C58 /* NSDataAES256.h */ = {isa = PBXFileReference; fileEncoding = 4; lastKnownFileType = sourcecode.c.h; path = NSDataAES256.h; sourceTree = "<group>"; };
		65CE18B01539D764001D6C58 /* NSDataAES256.m */ = {isa = PBXFileReference; fileEncoding = 4; lastKnownFileType = sourcecode.c.objc; path = NSDataAES256.m; sourceTree = "<group>"; };
		9942A4F5172CB72100554A22 /* GameCenterIcon.png */ = {isa = PBXFileReference; lastKnownFileType = image.png; path = GameCenterIcon.png; sourceTree = "<group>"; };
		9942A4F6172CB72100554A22 /* GameCenterIcon@2x.png */ = {isa = PBXFileReference; lastKnownFileType = image.png; path = "GameCenterIcon@2x.png"; sourceTree = "<group>"; };
		9942A4F9172CBA2300554A22 /* Default-568h@2x.png */ = {isa = PBXFileReference; lastKnownFileType = image.png; path = "Default-568h@2x.png"; sourceTree = "<group>"; };
		9942A4FA172CBA2300554A22 /* Default-Landscape@2x~ipad.png */ = {isa = PBXFileReference; lastKnownFileType = image.png; path = "Default-Landscape@2x~ipad.png"; sourceTree = "<group>"; };
		9942A4FB172CBA2300554A22 /* Default-Landscape~ipad.png */ = {isa = PBXFileReference; lastKnownFileType = image.png; path = "Default-Landscape~ipad.png"; sourceTree = "<group>"; };
		9942A4FC172CBA2300554A22 /* Default-Portrait@2x~ipad.png */ = {isa = PBXFileReference; lastKnownFileType = image.png; path = "Default-Portrait@2x~ipad.png"; sourceTree = "<group>"; };
		9942A4FD172CBA2300554A22 /* Default-Portrait~ipad.png */ = {isa = PBXFileReference; lastKnownFileType = image.png; path = "Default-Portrait~ipad.png"; sourceTree = "<group>"; };
		9942A4FE172CBA2300554A22 /* Default.png */ = {isa = PBXFileReference; lastKnownFileType = image.png; path = Default.png; sourceTree = "<group>"; };
		9942A4FF172CBA2300554A22 /* Default@2x.png */ = {isa = PBXFileReference; lastKnownFileType = image.png; path = "Default@2x.png"; sourceTree = "<group>"; };
		9942A50F172CBBE100554A22 /* Icon.png */ = {isa = PBXFileReference; lastKnownFileType = image.png; path = Icon.png; sourceTree = "<group>"; };
		9942A511172CBBE400554A22 /* Icon@2x.png */ = {isa = PBXFileReference; lastKnownFileType = image.png; path = "Icon@2x.png"; sourceTree = "<group>"; };
		9942A513172CBBF200554A22 /* iPadIcon.png */ = {isa = PBXFileReference; lastKnownFileType = image.png; path = iPadIcon.png; sourceTree = "<group>"; };
		9942A515172CBBF600554A22 /* iPadIcon@2x.png */ = {isa = PBXFileReference; lastKnownFileType = image.png; path = "iPadIcon@2x.png"; sourceTree = "<group>"; };
/* End PBXFileReference section */

/* Begin PBXFrameworksBuildPhase section */
		659699D31515718800724EBE /* Frameworks */ = {
			isa = PBXFrameworksBuildPhase;
			buildActionMask = 2147483647;
			files = (
				65969A0B1515748900724EBE /* SystemConfiguration.framework in Frameworks */,
				65969A06151572D800724EBE /* GameKit.framework in Frameworks */,
				659699DB1515718800724EBE /* UIKit.framework in Frameworks */,
				659699DD1515718800724EBE /* Foundation.framework in Frameworks */,
				659699DF1515718800724EBE /* CoreGraphics.framework in Frameworks */,
			);
			runOnlyForDeploymentPostprocessing = 0;
		};
/* End PBXFrameworksBuildPhase section */

/* Begin PBXGroup section */
		659699CB1515718700724EBE = {
			isa = PBXGroup;
			children = (
				9942A515172CBBF600554A22 /* iPadIcon@2x.png */,
				9942A513172CBBF200554A22 /* iPadIcon.png */,
				9942A511172CBBE400554A22 /* Icon@2x.png */,
				9942A50F172CBBE100554A22 /* Icon.png */,
				659699E01515718800724EBE /* GameCenterManager */,
				659699D91515718800724EBE /* Frameworks */,
				659699D71515718800724EBE /* Products */,
			);
			sourceTree = "<group>";
		};
		659699D71515718800724EBE /* Products */ = {
			isa = PBXGroup;
			children = (
				659699D61515718800724EBE /* GameCenterManager.app */,
			);
			name = Products;
			sourceTree = "<group>";
		};
		659699D91515718800724EBE /* Frameworks */ = {
			isa = PBXGroup;
			children = (
				65969A0A1515748900724EBE /* SystemConfiguration.framework */,
				65969A05151572D800724EBE /* GameKit.framework */,
				659699DA1515718800724EBE /* UIKit.framework */,
				659699DC1515718800724EBE /* Foundation.framework */,
				659699DE1515718800724EBE /* CoreGraphics.framework */,
			);
			name = Frameworks;
			sourceTree = "<group>";
		};
		659699E01515718800724EBE /* GameCenterManager */ = {
			isa = PBXGroup;
			children = (
				9942A4F4172CB71400554A22 /* Images */,
				9942A4F3172CB2A600554A22 /* Manager */,
				659699E91515718800724EBE /* AppDelegate.h */,
				659699EA1515718800724EBE /* AppDelegate.m */,
				659699EC1515718800724EBE /* ViewController.h */,
				659699ED1515718800724EBE /* ViewController.m */,
				659699EF1515718800724EBE /* ViewController_iPhone.xib */,
				659699F21515718800724EBE /* ViewController_iPad.xib */,
				659699E11515718800724EBE /* Supporting Files */,
			);
			path = GameCenterManager;
			sourceTree = "<group>";
		};
		659699E11515718800724EBE /* Supporting Files */ = {
			isa = PBXGroup;
			children = (
				659699E21515718800724EBE /* GameCenterManager-Info.plist */,
				659699E31515718800724EBE /* InfoPlist.strings */,
				659699E61515718800724EBE /* main.m */,
				659699E81515718800724EBE /* GameCenterManager-Prefix.pch */,
			);
			name = "Supporting Files";
			sourceTree = "<group>";
		};
		9942A4F3172CB2A600554A22 /* Manager */ = {
			isa = PBXGroup;
			children = (
				659699FE151571E600724EBE /* GameCenterManager.h */,
				659699FF151571E700724EBE /* GameCenterManager.m */,
				65969A071515742600724EBE /* Reachability.h */,
				65969A081515742600724EBE /* Reachability.m */,
				65CE18AF1539D764001D6C58 /* NSDataAES256.h */,
				65CE18B01539D764001D6C58 /* NSDataAES256.m */,
			);
			name = Manager;
			sourceTree = "<group>";
		};
		9942A4F4172CB71400554A22 /* Images */ = {
			isa = PBXGroup;
			children = (
				9942A4F9172CBA2300554A22 /* Default-568h@2x.png */,
				9942A4FA172CBA2300554A22 /* Default-Landscape@2x~ipad.png */,
				9942A4FB172CBA2300554A22 /* Default-Landscape~ipad.png */,
				9942A4FC172CBA2300554A22 /* Default-Portrait@2x~ipad.png */,
				9942A4FD172CBA2300554A22 /* Default-Portrait~ipad.png */,
				9942A4FE172CBA2300554A22 /* Default.png */,
				9942A4FF172CBA2300554A22 /* Default@2x.png */,
				9942A4F5172CB72100554A22 /* GameCenterIcon.png */,
				9942A4F6172CB72100554A22 /* GameCenterIcon@2x.png */,
			);
			name = Images;
			sourceTree = "<group>";
		};
/* End PBXGroup section */

/* Begin PBXNativeTarget section */
		659699D51515718800724EBE /* GameCenterManager */ = {
			isa = PBXNativeTarget;
			buildConfigurationList = 659699F71515718800724EBE /* Build configuration list for PBXNativeTarget "GameCenterManager" */;
			buildPhases = (
				659699D21515718800724EBE /* Sources */,
				659699D31515718800724EBE /* Frameworks */,
				659699D41515718800724EBE /* Resources */,
			);
			buildRules = (
			);
			dependencies = (
			);
			name = GameCenterManager;
			productName = GameCenterManager;
			productReference = 659699D61515718800724EBE /* GameCenterManager.app */;
			productType = "com.apple.product-type.application";
		};
/* End PBXNativeTarget section */

/* Begin PBXProject section */
		659699CD1515718700724EBE /* Project object */ = {
			isa = PBXProject;
			attributes = {
				LastUpgradeCheck = 0420;
				ORGANIZATIONNAME = "NABZ Software";
			};
			buildConfigurationList = 659699D01515718700724EBE /* Build configuration list for PBXProject "GameCenterManager" */;
			compatibilityVersion = "Xcode 3.2";
			developmentRegion = English;
			hasScannedForEncodings = 0;
			knownRegions = (
				en,
			);
			mainGroup = 659699CB1515718700724EBE;
			productRefGroup = 659699D71515718800724EBE /* Products */;
			projectDirPath = "";
			projectRoot = "";
			targets = (
				659699D51515718800724EBE /* GameCenterManager */,
			);
		};
/* End PBXProject section */

/* Begin PBXResourcesBuildPhase section */
		659699D41515718800724EBE /* Resources */ = {
			isa = PBXResourcesBuildPhase;
			buildActionMask = 2147483647;
			files = (
				659699E51515718800724EBE /* InfoPlist.strings in Resources */,
				659699F11515718800724EBE /* ViewController_iPhone.xib in Resources */,
				659699F41515718800724EBE /* ViewController_iPad.xib in Resources */,
				9942A4F7172CB72100554A22 /* GameCenterIcon.png in Resources */,
				9942A4F8172CB72100554A22 /* GameCenterIcon@2x.png in Resources */,
				9942A500172CBA2300554A22 /* Default-568h@2x.png in Resources */,
				9942A501172CBA2300554A22 /* Default-Landscape@2x~ipad.png in Resources */,
				9942A502172CBA2300554A22 /* Default-Landscape~ipad.png in Resources */,
				9942A503172CBA2300554A22 /* Default-Portrait@2x~ipad.png in Resources */,
				9942A504172CBA2300554A22 /* Default-Portrait~ipad.png in Resources */,
				9942A505172CBA2300554A22 /* Default.png in Resources */,
				9942A506172CBA2300554A22 /* Default@2x.png in Resources */,
				9942A510172CBBE100554A22 /* Icon.png in Resources */,
				9942A512172CBBE400554A22 /* Icon@2x.png in Resources */,
				9942A514172CBBF200554A22 /* iPadIcon.png in Resources */,
				9942A516172CBBF600554A22 /* iPadIcon@2x.png in Resources */,
			);
			runOnlyForDeploymentPostprocessing = 0;
		};
/* End PBXResourcesBuildPhase section */

/* Begin PBXSourcesBuildPhase section */
		659699D21515718800724EBE /* Sources */ = {
			isa = PBXSourcesBuildPhase;
			buildActionMask = 2147483647;
			files = (
				659699E71515718800724EBE /* main.m in Sources */,
				659699EB1515718800724EBE /* AppDelegate.m in Sources */,
				659699EE1515718800724EBE /* ViewController.m in Sources */,
				65969A00151571E700724EBE /* GameCenterManager.m in Sources */,
				65969A091515742600724EBE /* Reachability.m in Sources */,
				65CE18B11539D764001D6C58 /* NSDataAES256.m in Sources */,
			);
			runOnlyForDeploymentPostprocessing = 0;
		};
/* End PBXSourcesBuildPhase section */

/* Begin PBXVariantGroup section */
		659699E31515718800724EBE /* InfoPlist.strings */ = {
			isa = PBXVariantGroup;
			children = (
				659699E41515718800724EBE /* en */,
			);
			name = InfoPlist.strings;
			sourceTree = "<group>";
		};
		659699EF1515718800724EBE /* ViewController_iPhone.xib */ = {
			isa = PBXVariantGroup;
			children = (
				659699F01515718800724EBE /* en */,
			);
			name = ViewController_iPhone.xib;
			sourceTree = "<group>";
		};
		659699F21515718800724EBE /* ViewController_iPad.xib */ = {
			isa = PBXVariantGroup;
			children = (
				659699F31515718800724EBE /* en */,
			);
			name = ViewController_iPad.xib;
			sourceTree = "<group>";
		};
/* End PBXVariantGroup section */

/* Begin XCBuildConfiguration section */
		659699F51515718800724EBE /* Debug */ = {
			isa = XCBuildConfiguration;
			buildSettings = {
				ALWAYS_SEARCH_USER_PATHS = NO;
				ARCHS = (
					armv6,
					armv7,
				);
				"CODE_SIGN_IDENTITY[sdk=iphoneos*]" = "iPhone Developer";
				COPY_PHASE_STRIP = NO;
				GCC_C_LANGUAGE_STANDARD = gnu99;
				GCC_DYNAMIC_NO_PIC = NO;
				GCC_OPTIMIZATION_LEVEL = 0;
				GCC_PREPROCESSOR_DEFINITIONS = (
					"DEBUG=1",
					"$(inherited)",
				);
				GCC_SYMBOLS_PRIVATE_EXTERN = NO;
				GCC_VERSION = com.apple.compilers.llvm.clang.1_0;
				GCC_WARN_ABOUT_MISSING_PROTOTYPES = YES;
				GCC_WARN_ABOUT_RETURN_TYPE = YES;
				GCC_WARN_UNUSED_VARIABLE = YES;
				IPHONEOS_DEPLOYMENT_TARGET = 3.2;
				SDKROOT = iphoneos;
				TARGETED_DEVICE_FAMILY = "1,2";
			};
			name = Debug;
		};
		659699F61515718800724EBE /* Release */ = {
			isa = XCBuildConfiguration;
			buildSettings = {
				ALWAYS_SEARCH_USER_PATHS = NO;
				ARCHS = (
					armv6,
					armv7,
				);
				"CODE_SIGN_IDENTITY[sdk=iphoneos*]" = "iPhone Developer";
				COPY_PHASE_STRIP = YES;
				GCC_C_LANGUAGE_STANDARD = gnu99;
				GCC_VERSION = com.apple.compilers.llvm.clang.1_0;
				GCC_WARN_ABOUT_MISSING_PROTOTYPES = YES;
				GCC_WARN_ABOUT_RETURN_TYPE = YES;
				GCC_WARN_UNUSED_VARIABLE = YES;
				IPHONEOS_DEPLOYMENT_TARGET = 3.2;
				OTHER_CFLAGS = "-DNS_BLOCK_ASSERTIONS=1";
				SDKROOT = iphoneos;
				TARGETED_DEVICE_FAMILY = "1,2";
				VALIDATE_PRODUCT = YES;
			};
			name = Release;
		};
		659699F81515718800724EBE /* Debug */ = {
			isa = XCBuildConfiguration;
			buildSettings = {
				CLANG_ENABLE_OBJC_ARC = YES;
				GCC_PRECOMPILE_PREFIX_HEADER = YES;
				GCC_PREFIX_HEADER = "GameCenterManager/GameCenterManager-Prefix.pch";
				INFOPLIST_FILE = "GameCenterManager/GameCenterManager-Info.plist";
				IPHONEOS_DEPLOYMENT_TARGET = 4.3;
				PRODUCT_NAME = "$(TARGET_NAME)";
				WRAPPER_EXTENSION = app;
			};
			name = Debug;
		};
		659699F91515718800724EBE /* Release */ = {
			isa = XCBuildConfiguration;
			buildSettings = {
				CLANG_ENABLE_OBJC_ARC = YES;
				GCC_PRECOMPILE_PREFIX_HEADER = YES;
				GCC_PREFIX_HEADER = "GameCenterManager/GameCenterManager-Prefix.pch";
				INFOPLIST_FILE = "GameCenterManager/GameCenterManager-Info.plist";
				IPHONEOS_DEPLOYMENT_TARGET = 4.3;
				PRODUCT_NAME = "$(TARGET_NAME)";
				WRAPPER_EXTENSION = app;
			};
			name = Release;
		};
/* End XCBuildConfiguration section */

/* Begin XCConfigurationList section */
		659699D01515718700724EBE /* Build configuration list for PBXProject "GameCenterManager" */ = {
			isa = XCConfigurationList;
			buildConfigurations = (
				659699F51515718800724EBE /* Debug */,
				659699F61515718800724EBE /* Release */,
			);
			defaultConfigurationIsVisible = 0;
			defaultConfigurationName = Release;
		};
		659699F71515718800724EBE /* Build configuration list for PBXNativeTarget "GameCenterManager" */ = {
			isa = XCConfigurationList;
			buildConfigurations = (
				659699F81515718800724EBE /* Debug */,
				659699F91515718800724EBE /* Release */,
			);
			defaultConfigurationIsVisible = 0;
			defaultConfigurationName = Release;
		};
/* End XCConfigurationList section */
	};
	rootObject = 659699CD1515718700724EBE /* Project object */;
}
