// !$*UTF8*$!
{
	archiveVersion = 1;
	classes = {
	};
	objectVersion = 46;
	objects = {

/* Begin PBXBuildFile section */
		659699DB1515718800724EBE /* UIKit.framework in Frameworks */ = {isa = PBXBuildFile; fileRef = 659699DA1515718800724EBE /* UIKit.framework */; };
		659699DD1515718800724EBE /* Foundation.framework in Frameworks */ = {isa = PBXBuildFile; fileRef = 659699DC1515718800724EBE /* Foundation.framework */; };
		659699DF1515718800724EBE /* CoreGraphics.framework in Frameworks */ = {isa = PBXBuildFile; fileRef = 659699DE1515718800724EBE /* CoreGraphics.framework */; };
		659699E51515718800724EBE /* InfoPlist.strings in Resources */ = {isa = PBXBuildFile; fileRef = 659699E31515718800724EBE /* InfoPlist.strings */; };
		659699E71515718800724EBE /* main.m in Sources */ = {isa = PBXBuildFile; fileRef = 659699E61515718800724EBE /* main.m */; };
		659699EB1515718800724EBE /* AppDelegate.m in Sources */ = {isa = PBXBuildFile; fileRef = 659699EA1515718800724EBE /* AppDelegate.m */; };
		659699EE1515718800724EBE /* ViewController.m in Sources */ = {isa = PBXBuildFile; fileRef = 659699ED1515718800724EBE /* ViewController.m */; };
		65969A06151572D800724EBE /* GameKit.framework in Frameworks */ = {isa = PBXBuildFile; fileRef = 65969A05151572D800724EBE /* GameKit.framework */; };
		65969A0B1515748900724EBE /* SystemConfiguration.framework in Frameworks */ = {isa = PBXBuildFile; fileRef = 65969A0A1515748900724EBE /* SystemConfiguration.framework */; };
		9942A500172CBA2300554A22 /* Default-568h@2x.png in Resources */ = {isa = PBXBuildFile; fileRef = 9942A4F9172CBA2300554A22 /* Default-568h@2x.png */; };
		9942A505172CBA2300554A22 /* Default.png in Resources */ = {isa = PBXBuildFile; fileRef = 9942A4FE172CBA2300554A22 /* Default.png */; };
		9942A506172CBA2300554A22 /* Default@2x.png in Resources */ = {isa = PBXBuildFile; fileRef = 9942A4FF172CBA2300554A22 /* Default@2x.png */; };
		9942A510172CBBE100554A22 /* Icon.png in Resources */ = {isa = PBXBuildFile; fileRef = 9942A50F172CBBE100554A22 /* Icon.png */; };
		9942A512172CBBE400554A22 /* Icon@2x.png in Resources */ = {isa = PBXBuildFile; fileRef = 9942A511172CBBE400554A22 /* Icon@2x.png */; };
		9942A514172CBBF200554A22 /* iPadIcon.png in Resources */ = {isa = PBXBuildFile; fileRef = 9942A513172CBBF200554A22 /* iPadIcon.png */; };
		9942A516172CBBF600554A22 /* iPadIcon@2x.png in Resources */ = {isa = PBXBuildFile; fileRef = 9942A515172CBBF600554A22 /* iPadIcon@2x.png */; };
		99B01641175515C000F56A5C /* GCBar.png in Resources */ = {isa = PBXBuildFile; fileRef = 99B01640175515C000F56A5C /* GCBar.png */; };
		99B016451755178700F56A5C /* Felt-568h@2x.png in Resources */ = {isa = PBXBuildFile; fileRef = 99B016421755178700F56A5C /* Felt-568h@2x.png */; };
		99B016461755178700F56A5C /* Felt.png in Resources */ = {isa = PBXBuildFile; fileRef = 99B016431755178700F56A5C /* Felt.png */; };
		99B016471755178700F56A5C /* Felt@2x.png in Resources */ = {isa = PBXBuildFile; fileRef = 99B016441755178700F56A5C /* Felt@2x.png */; };
		99B0164A17551A7A00F56A5C /* Header.png in Resources */ = {isa = PBXBuildFile; fileRef = 99B0164817551A7A00F56A5C /* Header.png */; };
		99B0164B17551A7A00F56A5C /* Header@2x.png in Resources */ = {isa = PBXBuildFile; fileRef = 99B0164917551A7A00F56A5C /* Header@2x.png */; };
		99B0164E17553C8700F56A5C /* Content.png in Resources */ = {isa = PBXBuildFile; fileRef = 99B0164C17553C8700F56A5C /* Content.png */; };
		99B0164F17553C8700F56A5C /* Content@2x.png in Resources */ = {isa = PBXBuildFile; fileRef = 99B0164D17553C8700F56A5C /* Content@2x.png */; };
		99B16C18172D46180091618D /* Storyboard_iPhone.storyboard in Resources */ = {isa = PBXBuildFile; fileRef = 99B16C16172D46180091618D /* Storyboard_iPhone.storyboard */; };
		99B16C1E172D70AB0091618D /* License.md in Resources */ = {isa = PBXBuildFile; fileRef = 99B16C1C172D70AB0091618D /* License.md */; };
		99B16C1F172D70AB0091618D /* README.md in Resources */ = {isa = PBXBuildFile; fileRef = 99B16C1D172D70AB0091618D /* README.md */; };
		99B16C27172D71130091618D /* GameCenterManager.m in Sources */ = {isa = PBXBuildFile; fileRef = 99B16C22172D71130091618D /* GameCenterManager.m */; };
		99B16C28172D71130091618D /* NSDataAES256.m in Sources */ = {isa = PBXBuildFile; fileRef = 99B16C24172D71130091618D /* NSDataAES256.m */; };
		99B16C29172D71130091618D /* Reachability.m in Sources */ = {isa = PBXBuildFile; fileRef = 99B16C26172D71130091618D /* Reachability.m */; };
/* End PBXBuildFile section */

/* Begin PBXFileReference section */
		659699D61515718800724EBE /* GameCenterManager.app */ = {isa = PBXFileReference; explicitFileType = wrapper.application; includeInIndex = 0; path = GameCenterManager.app; sourceTree = BUILT_PRODUCTS_DIR; };
		659699DA1515718800724EBE /* UIKit.framework */ = {isa = PBXFileReference; lastKnownFileType = wrapper.framework; name = UIKit.framework; path = System/Library/Frameworks/UIKit.framework; sourceTree = SDKROOT; };
		659699DC1515718800724EBE /* Foundation.framework */ = {isa = PBXFileReference; lastKnownFileType = wrapper.framework; name = Foundation.framework; path = System/Library/Frameworks/Foundation.framework; sourceTree = SDKROOT; };
		659699DE1515718800724EBE /* CoreGraphics.framework */ = {isa = PBXFileReference; lastKnownFileType = wrapper.framework; name = CoreGraphics.framework; path = System/Library/Frameworks/CoreGraphics.framework; sourceTree = SDKROOT; };
		659699E21515718800724EBE /* GameCenterManager-Info.plist */ = {isa = PBXFileReference; lastKnownFileType = text.plist.xml; path = "GameCenterManager-Info.plist"; sourceTree = "<group>"; };
		659699E41515718800724EBE /* en */ = {isa = PBXFileReference; lastKnownFileType = text.plist.strings; name = en; path = en.lproj/InfoPlist.strings; sourceTree = "<group>"; };
		659699E61515718800724EBE /* main.m */ = {isa = PBXFileReference; lastKnownFileType = sourcecode.c.objc; path = main.m; sourceTree = "<group>"; };
		659699E81515718800724EBE /* GameCenterManager-Prefix.pch */ = {isa = PBXFileReference; lastKnownFileType = sourcecode.c.h; path = "GameCenterManager-Prefix.pch"; sourceTree = "<group>"; };
		659699E91515718800724EBE /* AppDelegate.h */ = {isa = PBXFileReference; lastKnownFileType = sourcecode.c.h; path = AppDelegate.h; sourceTree = "<group>"; };
		659699EA1515718800724EBE /* AppDelegate.m */ = {isa = PBXFileReference; lastKnownFileType = sourcecode.c.objc; path = AppDelegate.m; sourceTree = "<group>"; };
		659699EC1515718800724EBE /* ViewController.h */ = {isa = PBXFileReference; lastKnownFileType = sourcecode.c.h; path = ViewController.h; sourceTree = "<group>"; };
		659699ED1515718800724EBE /* ViewController.m */ = {isa = PBXFileReference; lastKnownFileType = sourcecode.c.objc; path = ViewController.m; sourceTree = "<group>"; };
		65969A05151572D800724EBE /* GameKit.framework */ = {isa = PBXFileReference; lastKnownFileType = wrapper.framework; name = GameKit.framework; path = System/Library/Frameworks/GameKit.framework; sourceTree = SDKROOT; };
		65969A0A1515748900724EBE /* SystemConfiguration.framework */ = {isa = PBXFileReference; lastKnownFileType = wrapper.framework; name = SystemConfiguration.framework; path = System/Library/Frameworks/SystemConfiguration.framework; sourceTree = SDKROOT; };
		9942A4F9172CBA2300554A22 /* Default-568h@2x.png */ = {isa = PBXFileReference; lastKnownFileType = image.png; name = "Default-568h@2x.png"; path = "Images/Default-568h@2x.png"; sourceTree = "<group>"; };
		9942A4FE172CBA2300554A22 /* Default.png */ = {isa = PBXFileReference; lastKnownFileType = image.png; name = Default.png; path = Images/Default.png; sourceTree = "<group>"; };
		9942A4FF172CBA2300554A22 /* Default@2x.png */ = {isa = PBXFileReference; lastKnownFileType = image.png; name = "Default@2x.png"; path = "Images/Default@2x.png"; sourceTree = "<group>"; };
		9942A50F172CBBE100554A22 /* Icon.png */ = {isa = PBXFileReference; lastKnownFileType = image.png; path = Icon.png; sourceTree = "<group>"; };
		9942A511172CBBE400554A22 /* Icon@2x.png */ = {isa = PBXFileReference; lastKnownFileType = image.png; path = "Icon@2x.png"; sourceTree = "<group>"; };
		9942A513172CBBF200554A22 /* iPadIcon.png */ = {isa = PBXFileReference; lastKnownFileType = image.png; path = iPadIcon.png; sourceTree = "<group>"; };
		9942A515172CBBF600554A22 /* iPadIcon@2x.png */ = {isa = PBXFileReference; lastKnownFileType = image.png; path = "iPadIcon@2x.png"; sourceTree = "<group>"; };
		99B01640175515C000F56A5C /* GCBar.png */ = {isa = PBXFileReference; lastKnownFileType = image.png; name = GCBar.png; path = Images/GCBar.png; sourceTree = "<group>"; };
		99B016421755178700F56A5C /* Felt-568h@2x.png */ = {isa = PBXFileReference; lastKnownFileType = image.png; name = "Felt-568h@2x.png"; path = "Images/Felt-568h@2x.png"; sourceTree = "<group>"; };
		99B016431755178700F56A5C /* Felt.png */ = {isa = PBXFileReference; lastKnownFileType = image.png; name = Felt.png; path = Images/Felt.png; sourceTree = "<group>"; };
		99B016441755178700F56A5C /* Felt@2x.png */ = {isa = PBXFileReference; lastKnownFileType = image.png; name = "Felt@2x.png"; path = "Images/Felt@2x.png"; sourceTree = "<group>"; };
		99B0164817551A7A00F56A5C /* Header.png */ = {isa = PBXFileReference; lastKnownFileType = image.png; name = Header.png; path = Images/Header.png; sourceTree = "<group>"; };
		99B0164917551A7A00F56A5C /* Header@2x.png */ = {isa = PBXFileReference; lastKnownFileType = image.png; name = "Header@2x.png"; path = "Images/Header@2x.png"; sourceTree = "<group>"; };
		99B0164C17553C8700F56A5C /* Content.png */ = {isa = PBXFileReference; lastKnownFileType = image.png; name = Content.png; path = Images/Content.png; sourceTree = "<group>"; };
		99B0164D17553C8700F56A5C /* Content@2x.png */ = {isa = PBXFileReference; lastKnownFileType = image.png; name = "Content@2x.png"; path = "Images/Content@2x.png"; sourceTree = "<group>"; };
		99B16C17172D46180091618D /* en */ = {isa = PBXFileReference; lastKnownFileType = file.storyboard; name = en; path = en.lproj/Storyboard_iPhone.storyboard; sourceTree = "<group>"; };
		99B16C1C172D70AB0091618D /* License.md */ = {isa = PBXFileReference; fileEncoding = 4; lastKnownFileType = text; path = License.md; sourceTree = "<group>"; };
		99B16C1D172D70AB0091618D /* README.md */ = {isa = PBXFileReference; fileEncoding = 4; lastKnownFileType = text; path = README.md; sourceTree = "<group>"; };
		99B16C21172D71130091618D /* GameCenterManager.h */ = {isa = PBXFileReference; fileEncoding = 4; lastKnownFileType = sourcecode.c.h; name = GameCenterManager.h; path = "GC Manager/GameCenterManager.h"; sourceTree = "<group>"; };
		99B16C22172D71130091618D /* GameCenterManager.m */ = {isa = PBXFileReference; fileEncoding = 4; lastKnownFileType = sourcecode.c.objc; name = GameCenterManager.m; path = "GC Manager/GameCenterManager.m"; sourceTree = "<group>"; };
		99B16C23172D71130091618D /* NSDataAES256.h */ = {isa = PBXFileReference; fileEncoding = 4; lastKnownFileType = sourcecode.c.h; name = NSDataAES256.h; path = "GC Manager/NSDataAES256.h"; sourceTree = "<group>"; };
		99B16C24172D71130091618D /* NSDataAES256.m */ = {isa = PBXFileReference; fileEncoding = 4; lastKnownFileType = sourcecode.c.objc; name = NSDataAES256.m; path = "GC Manager/NSDataAES256.m"; sourceTree = "<group>"; };
		99B16C25172D71130091618D /* Reachability.h */ = {isa = PBXFileReference; fileEncoding = 4; lastKnownFileType = sourcecode.c.h; name = Reachability.h; path = "GC Manager/Reachability.h"; sourceTree = "<group>"; };
		99B16C26172D71130091618D /* Reachability.m */ = {isa = PBXFileReference; fileEncoding = 4; lastKnownFileType = sourcecode.c.objc; name = Reachability.m; path = "GC Manager/Reachability.m"; sourceTree = "<group>"; };
/* End PBXFileReference section */

/* Begin PBXFrameworksBuildPhase section */
		659699D31515718800724EBE /* Frameworks */ = {
			isa = PBXFrameworksBuildPhase;
			buildActionMask = 2147483647;
			files = (
				65969A0B1515748900724EBE /* SystemConfiguration.framework in Frameworks */,
				65969A06151572D800724EBE /* GameKit.framework in Frameworks */,
				659699DB1515718800724EBE /* UIKit.framework in Frameworks */,
				659699DD1515718800724EBE /* Foundation.framework in Frameworks */,
				659699DF1515718800724EBE /* CoreGraphics.framework in Frameworks */,
			);
			runOnlyForDeploymentPostprocessing = 0;
		};
/* End PBXFrameworksBuildPhase section */

/* Begin PBXGroup section */
		659699CB1515718700724EBE = {
			isa = PBXGroup;
			children = (
				99B16C1C172D70AB0091618D /* License.md */,
				99B16C1D172D70AB0091618D /* README.md */,
				9942A515172CBBF600554A22 /* iPadIcon@2x.png */,
				9942A513172CBBF200554A22 /* iPadIcon.png */,
				9942A511172CBBE400554A22 /* Icon@2x.png */,
				9942A50F172CBBE100554A22 /* Icon.png */,
				659699E01515718800724EBE /* GameCenterManager */,
				659699D91515718800724EBE /* Frameworks */,
				659699D71515718800724EBE /* Products */,
			);
			sourceTree = "<group>";
		};
		659699D71515718800724EBE /* Products */ = {
			isa = PBXGroup;
			children = (
				659699D61515718800724EBE /* GameCenterManager.app */,
			);
			name = Products;
			sourceTree = "<group>";
		};
		659699D91515718800724EBE /* Frameworks */ = {
			isa = PBXGroup;
			children = (
				65969A0A1515748900724EBE /* SystemConfiguration.framework */,
				65969A05151572D800724EBE /* GameKit.framework */,
				659699DA1515718800724EBE /* UIKit.framework */,
				659699DC1515718800724EBE /* Foundation.framework */,
				659699DE1515718800724EBE /* CoreGraphics.framework */,
			);
			name = Frameworks;
			sourceTree = "<group>";
		};
		659699E01515718800724EBE /* GameCenterManager */ = {
			isa = PBXGroup;
			children = (
				99B16C20172D71090091618D /* GC Manager */,
				9942A4F4172CB71400554A22 /* Images */,
				659699E91515718800724EBE /* AppDelegate.h */,
				659699EA1515718800724EBE /* AppDelegate.m */,
				659699EC1515718800724EBE /* ViewController.h */,
				659699ED1515718800724EBE /* ViewController.m */,
				99B16C16172D46180091618D /* Storyboard_iPhone.storyboard */,
				659699E11515718800724EBE /* Supporting Files */,
			);
			path = GameCenterManager;
			sourceTree = "<group>";
		};
		659699E11515718800724EBE /* Supporting Files */ = {
			isa = PBXGroup;
			children = (
				659699E21515718800724EBE /* GameCenterManager-Info.plist */,
				659699E31515718800724EBE /* InfoPlist.strings */,
				659699E61515718800724EBE /* main.m */,
				659699E81515718800724EBE /* GameCenterManager-Prefix.pch */,
			);
			name = "Supporting Files";
			sourceTree = "<group>";
		};
		9942A4F4172CB71400554A22 /* Images */ = {
			isa = PBXGroup;
			children = (
				9942A4F9172CBA2300554A22 /* Default-568h@2x.png */,
				9942A4FE172CBA2300554A22 /* Default.png */,
				9942A4FF172CBA2300554A22 /* Default@2x.png */,
				99B016421755178700F56A5C /* Felt-568h@2x.png */,
				99B016431755178700F56A5C /* Felt.png */,
				99B016441755178700F56A5C /* Felt@2x.png */,
				99B01640175515C000F56A5C /* GCBar.png */,
				99B0164817551A7A00F56A5C /* Header.png */,
				99B0164917551A7A00F56A5C /* Header@2x.png */,
				99B0164C17553C8700F56A5C /* Content.png */,
				99B0164D17553C8700F56A5C /* Content@2x.png */,
			);
			name = Images;
			sourceTree = "<group>";
		};
		99B0162C1754FD7700F56A5C /* Dependencies */ = {
			isa = PBXGroup;
			children = (
				99B0162D1754FD8800F56A5C /* Security */,
				99B0162E1754FD9100F56A5C /* Internet */,
			);
			name = Dependencies;
			sourceTree = "<group>";
		};
		99B0162D1754FD8800F56A5C /* Security */ = {
			isa = PBXGroup;
			children = (
				99B16C23172D71130091618D /* NSDataAES256.h */,
				99B16C24172D71130091618D /* NSDataAES256.m */,
			);
			name = Security;
			sourceTree = "<group>";
		};
		99B0162E1754FD9100F56A5C /* Internet */ = {
			isa = PBXGroup;
			children = (
				99B16C25172D71130091618D /* Reachability.h */,
				99B16C26172D71130091618D /* Reachability.m */,
			);
			name = Internet;
			sourceTree = "<group>";
		};
		99B16C20172D71090091618D /* GC Manager */ = {
			isa = PBXGroup;
			children = (
				99B0162C1754FD7700F56A5C /* Dependencies */,
				99B16C21172D71130091618D /* GameCenterManager.h */,
				99B16C22172D71130091618D /* GameCenterManager.m */,
			);
			name = "GC Manager";
			sourceTree = "<group>";
		};
/* End PBXGroup section */

/* Begin PBXNativeTarget section */
		659699D51515718800724EBE /* GameCenterManager */ = {
			isa = PBXNativeTarget;
			buildConfigurationList = 659699F71515718800724EBE /* Build configuration list for PBXNativeTarget "GameCenterManager" */;
			buildPhases = (
				659699D21515718800724EBE /* Sources */,
				659699D31515718800724EBE /* Frameworks */,
				659699D41515718800724EBE /* Resources */,
			);
			buildRules = (
			);
			dependencies = (
			);
			name = GameCenterManager;
			productName = GameCenterManager;
			productReference = 659699D61515718800724EBE /* GameCenterManager.app */;
			productType = "com.apple.product-type.application";
		};
/* End PBXNativeTarget section */

/* Begin PBXProject section */
		659699CD1515718700724EBE /* Project object */ = {
			isa = PBXProject;
			attributes = {
				LastUpgradeCheck = 0460;
				ORGANIZATIONNAME = "NABZ Software";
			};
			buildConfigurationList = 659699D01515718700724EBE /* Build configuration list for PBXProject "GameCenterManager" */;
			compatibilityVersion = "Xcode 3.2";
			developmentRegion = English;
			hasScannedForEncodings = 0;
			knownRegions = (
				en,
			);
			mainGroup = 659699CB1515718700724EBE;
			productRefGroup = 659699D71515718800724EBE /* Products */;
			projectDirPath = "";
			projectRoot = "";
			targets = (
				659699D51515718800724EBE /* GameCenterManager */,
			);
		};
/* End PBXProject section */

/* Begin PBXResourcesBuildPhase section */
		659699D41515718800724EBE /* Resources */ = {
			isa = PBXResourcesBuildPhase;
			buildActionMask = 2147483647;
			files = (
				659699E51515718800724EBE /* InfoPlist.strings in Resources */,
				9942A500172CBA2300554A22 /* Default-568h@2x.png in Resources */,
				9942A505172CBA2300554A22 /* Default.png in Resources */,
				9942A506172CBA2300554A22 /* Default@2x.png in Resources */,
				9942A510172CBBE100554A22 /* Icon.png in Resources */,
				9942A512172CBBE400554A22 /* Icon@2x.png in Resources */,
				9942A514172CBBF200554A22 /* iPadIcon.png in Resources */,
				9942A516172CBBF600554A22 /* iPadIcon@2x.png in Resources */,
				99B16C18172D46180091618D /* Storyboard_iPhone.storyboard in Resources */,
				99B16C1E172D70AB0091618D /* License.md in Resources */,
				99B16C1F172D70AB0091618D /* README.md in Resources */,
				99B01641175515C000F56A5C /* GCBar.png in Resources */,
				99B016451755178700F56A5C /* Felt-568h@2x.png in Resources */,
				99B016461755178700F56A5C /* Felt.png in Resources */,
				99B016471755178700F56A5C /* Felt@2x.png in Resources */,
				99B0164A17551A7A00F56A5C /* Header.png in Resources */,
				99B0164B17551A7A00F56A5C /* Header@2x.png in Resources */,
				99B0164E17553C8700F56A5C /* Content.png in Resources */,
				99B0164F17553C8700F56A5C /* Content@2x.png in Resources */,
			);
			runOnlyForDeploymentPostprocessing = 0;
		};
/* End PBXResourcesBuildPhase section */

/* Begin PBXSourcesBuildPhase section */
		659699D21515718800724EBE /* Sources */ = {
			isa = PBXSourcesBuildPhase;
			buildActionMask = 2147483647;
			files = (
				659699E71515718800724EBE /* main.m in Sources */,
				659699EB1515718800724EBE /* AppDelegate.m in Sources */,
				659699EE1515718800724EBE /* ViewController.m in Sources */,
				99B16C27172D71130091618D /* GameCenterManager.m in Sources */,
				99B16C28172D71130091618D /* NSDataAES256.m in Sources */,
				99B16C29172D71130091618D /* Reachability.m in Sources */,
			);
			runOnlyForDeploymentPostprocessing = 0;
		};
/* End PBXSourcesBuildPhase section */

/* Begin PBXVariantGroup section */
		659699E31515718800724EBE /* InfoPlist.strings */ = {
			isa = PBXVariantGroup;
			children = (
				659699E41515718800724EBE /* en */,
			);
			name = InfoPlist.strings;
			sourceTree = "<group>";
		};
		99B16C16172D46180091618D /* Storyboard_iPhone.storyboard */ = {
			isa = PBXVariantGroup;
			children = (
				99B16C17172D46180091618D /* en */,
			);
			name = Storyboard_iPhone.storyboard;
			sourceTree = "<group>";
		};
/* End PBXVariantGroup section */

/* Begin XCBuildConfiguration section */
		659699F51515718800724EBE /* Debug */ = {
			isa = XCBuildConfiguration;
			buildSettings = {
				ALWAYS_SEARCH_USER_PATHS = NO;
				ARCHS = (
					armv6,
					armv7,
				);
				CLANG_WARN_CONSTANT_CONVERSION = YES;
				CLANG_WARN_ENUM_CONVERSION = YES;
				CLANG_WARN_INT_CONVERSION = YES;
				CLANG_WARN__DUPLICATE_METHOD_MATCH = YES;
				"CODE_SIGN_IDENTITY[sdk=iphoneos*]" = "iPhone Developer";
				COPY_PHASE_STRIP = NO;
				GCC_C_LANGUAGE_STANDARD = gnu99;
				GCC_DYNAMIC_NO_PIC = NO;
				GCC_OPTIMIZATION_LEVEL = 0;
				GCC_PREPROCESSOR_DEFINITIONS = (
					"DEBUG=1",
					"$(inherited)",
				);
				GCC_SYMBOLS_PRIVATE_EXTERN = NO;
				GCC_THUMB_SUPPORT = NO;
				GCC_VERSION = com.apple.compilers.llvm.clang.1_0;
				GCC_WARN_ABOUT_MISSING_PROTOTYPES = YES;
				GCC_WARN_ABOUT_RETURN_TYPE = YES;
				GCC_WARN_UNINITIALIZED_AUTOS = YES;
				GCC_WARN_UNUSED_VARIABLE = YES;
				IPHONEOS_DEPLOYMENT_TARGET = 5.0;
				SDKROOT = iphoneos;
				TARGETED_DEVICE_FAMILY = "1,2";
			};
			name = Debug;
		};
		659699F61515718800724EBE /* Release */ = {
			isa = XCBuildConfiguration;
			buildSettings = {
				ALWAYS_SEARCH_USER_PATHS = NO;
				ARCHS = (
					armv6,
					armv7,
				);
				CLANG_WARN_CONSTANT_CONVERSION = YES;
				CLANG_WARN_ENUM_CONVERSION = YES;
				CLANG_WARN_INT_CONVERSION = YES;
				CLANG_WARN__DUPLICATE_METHOD_MATCH = YES;
				"CODE_SIGN_IDENTITY[sdk=iphoneos*]" = "iPhone Developer";
				COPY_PHASE_STRIP = YES;
				GCC_C_LANGUAGE_STANDARD = gnu99;
				GCC_THUMB_SUPPORT = NO;
				GCC_VERSION = com.apple.compilers.llvm.clang.1_0;
				GCC_WARN_ABOUT_MISSING_PROTOTYPES = YES;
				GCC_WARN_ABOUT_RETURN_TYPE = YES;
				GCC_WARN_UNINITIALIZED_AUTOS = YES;
				GCC_WARN_UNUSED_VARIABLE = YES;
				IPHONEOS_DEPLOYMENT_TARGET = 5.0;
				OTHER_CFLAGS = "-DNS_BLOCK_ASSERTIONS=1";
				SDKROOT = iphoneos;
				TARGETED_DEVICE_FAMILY = "1,2";
				VALIDATE_PRODUCT = YES;
			};
			name = Release;
		};
		659699F81515718800724EBE /* Debug */ = {
			isa = XCBuildConfiguration;
			buildSettings = {
				CLANG_ENABLE_OBJC_ARC = YES;
				CODE_SIGN_IDENTITY = "iPhone Developer: iRare Media (4N75L7CCKZ)";
				"CODE_SIGN_IDENTITY[sdk=iphoneos*]" = "iPhone Developer: iRare Media (4N75L7CCKZ)";
				GCC_PRECOMPILE_PREFIX_HEADER = YES;
				GCC_PREFIX_HEADER = "GameCenterManager/GameCenterManager-Prefix.pch";
				GCC_THUMB_SUPPORT = NO;
				INFOPLIST_FILE = "GameCenterManager/GameCenterManager-Info.plist";
				IPHONEOS_DEPLOYMENT_TARGET = 5.0;
				PRODUCT_NAME = "$(TARGET_NAME)";
				PROVISIONING_PROFILE = "C8421D7B-DF7B-4EBD-9821-15664A1F017B";
				"PROVISIONING_PROFILE[sdk=iphoneos*]" = "C8421D7B-DF7B-4EBD-9821-15664A1F017B";
				TARGETED_DEVICE_FAMILY = 1;
				WRAPPER_EXTENSION = app;
			};
			name = Debug;
		};
		659699F91515718800724EBE /* Release */ = {
			isa = XCBuildConfiguration;
			buildSettings = {
				CLANG_ENABLE_OBJC_ARC = YES;
				CODE_SIGN_IDENTITY = "iPhone Developer: iRare Media (4N75L7CCKZ)";
				"CODE_SIGN_IDENTITY[sdk=iphoneos*]" = "iPhone Developer: iRare Media (4N75L7CCKZ)";
				GCC_PRECOMPILE_PREFIX_HEADER = YES;
				GCC_PREFIX_HEADER = "GameCenterManager/GameCenterManager-Prefix.pch";
				GCC_THUMB_SUPPORT = NO;
				INFOPLIST_FILE = "GameCenterManager/GameCenterManager-Info.plist";
				IPHONEOS_DEPLOYMENT_TARGET = 5.0;
				PRODUCT_NAME = "$(TARGET_NAME)";
				PROVISIONING_PROFILE = "C8421D7B-DF7B-4EBD-9821-15664A1F017B";
				"PROVISIONING_PROFILE[sdk=iphoneos*]" = "C8421D7B-DF7B-4EBD-9821-15664A1F017B";
				TARGETED_DEVICE_FAMILY = 1;
				WRAPPER_EXTENSION = app;
			};
			name = Release;
		};
/* End XCBuildConfiguration section */

/* Begin XCConfigurationList section */
		659699D01515718700724EBE /* Build configuration list for PBXProject "GameCenterManager" */ = {
			isa = XCConfigurationList;
			buildConfigurations = (
				659699F51515718800724EBE /* Debug */,
				659699F61515718800724EBE /* Release */,
			);
			defaultConfigurationIsVisible = 0;
			defaultConfigurationName = Release;
		};
		659699F71515718800724EBE /* Build configuration list for PBXNativeTarget "GameCenterManager" */ = {
			isa = XCConfigurationList;
			buildConfigurations = (
				659699F81515718800724EBE /* Debug */,
				659699F91515718800724EBE /* Release */,
			);
			defaultConfigurationIsVisible = 0;
			defaultConfigurationName = Release;
		};
/* End XCConfigurationList section */
	};
	rootObject = 659699CD1515718700724EBE /* Project object */;
}
