// !$*UTF8*$!
{
	archiveVersion = 1;
	classes = {
	};
	objectVersion = 46;
	objects = {

/* Begin PBXBuildFile section */
		659699DB1515718800724EBE /* UIKit.framework in Frameworks */ = {isa = PBXBuildFile; fileRef = 659699DA1515718800724EBE /* UIKit.framework */; };
		659699DD1515718800724EBE /* Foundation.framework in Frameworks */ = {isa = PBXBuildFile; fileRef = 659699DC1515718800724EBE /* Foundation.framework */; };
		659699DF1515718800724EBE /* CoreGraphics.framework in Frameworks */ = {isa = PBXBuildFile; fileRef = 659699DE1515718800724EBE /* CoreGraphics.framework */; };
		659699E51515718800724EBE /* InfoPlist.strings in Resources */ = {isa = PBXBuildFile; fileRef = 659699E31515718800724EBE /* InfoPlist.strings */; };
		659699E71515718800724EBE /* main.m in Sources */ = {isa = PBXBuildFile; fileRef = 659699E61515718800724EBE /* main.m */; };
		659699EB1515718800724EBE /* AppDelegate.m in Sources */ = {isa = PBXBuildFile; fileRef = 659699EA1515718800724EBE /* AppDelegate.m */; };
		659699EE1515718800724EBE /* ViewController.m in Sources */ = {isa = PBXBuildFile; fileRef = 659699ED1515718800724EBE /* ViewController.m */; };
		65969A06151572D800724EBE /* GameKit.framework in Frameworks */ = {isa = PBXBuildFile; fileRef = 65969A05151572D800724EBE /* GameKit.framework */; };
		65969A0B1515748900724EBE /* SystemConfiguration.framework in Frameworks */ = {isa = PBXBuildFile; fileRef = 65969A0A1515748900724EBE /* SystemConfiguration.framework */; };
		99108E3F1C1E7A3200BDD25F /* main.m in Sources */ = {isa = PBXBuildFile; fileRef = 99108E3E1C1E7A3200BDD25F /* main.m */; };
		99108E4A1C1E7A3200BDD25F /* Storyboard_tvOS.storyboard in Resources */ = {isa = PBXBuildFile; fileRef = 99108E481C1E7A3200BDD25F /* Storyboard_tvOS.storyboard */; };
		993EFA171847C2E30061C758 /* GameCenterManager.m in Sources */ = {isa = PBXBuildFile; fileRef = 99B16C22172D71130091618D /* GameCenterManager.m */; };
		993EFA181847C37A0061C758 /* NSDataAES256.m in Sources */ = {isa = PBXBuildFile; fileRef = 99B16C24172D71130091618D /* NSDataAES256.m */; };
		993EFA191847C37E0061C758 /* Reachability.m in Sources */ = {isa = PBXBuildFile; fileRef = 99B16C26172D71130091618D /* Reachability.m */; };
		993EFA1B1847C54A0061C758 /* Changelog.md in Resources */ = {isa = PBXBuildFile; fileRef = 993EFA1A1847C54A0061C758 /* Changelog.md */; };
		9940C4411C200795008F3618 /* Images.xcassets in Resources */ = {isa = PBXBuildFile; fileRef = 994B764C17EE282F008DE309 /* Images.xcassets */; };
		9940C4421C2007A6008F3618 /* Images.xcassets in Resources */ = {isa = PBXBuildFile; fileRef = 994B764C17EE282F008DE309 /* Images.xcassets */; };
		9940C4451C2007F8008F3618 /* tvOSImages.xcassets in Resources */ = {isa = PBXBuildFile; fileRef = 9940C4441C2007F8008F3618 /* tvOSImages.xcassets */; };
		994E294C17838BF300EAACD2 /* InfoPlist.strings in Resources */ = {isa = PBXBuildFile; fileRef = 994E294A17838BF300EAACD2 /* InfoPlist.strings */; };
		994E294E17838BF300EAACD2 /* main.m in Sources */ = {isa = PBXBuildFile; fileRef = 994E294D17838BF300EAACD2 /* main.m */; };
		994E295217838BF300EAACD2 /* Credits.rtf in Resources */ = {isa = PBXBuildFile; fileRef = 994E295017838BF300EAACD2 /* Credits.rtf */; };
		999824371C1183DF00B2B1DD /* SystemConfiguration.framework in Frameworks */ = {isa = PBXBuildFile; fileRef = 999824361C1183DF00B2B1DD /* SystemConfiguration.framework */; };
		999824391C11841B00B2B1DD /* Foundation.framework in Frameworks */ = {isa = PBXBuildFile; fileRef = 999824381C11841B00B2B1DD /* Foundation.framework */; };
		9998243B1C11842100B2B1DD /* Cocoa.framework in Frameworks */ = {isa = PBXBuildFile; fileRef = 9998243A1C11842100B2B1DD /* Cocoa.framework */; };
		9998243D1C11842900B2B1DD /* GameKit.framework in Frameworks */ = {isa = PBXBuildFile; fileRef = 9998243C1C11842900B2B1DD /* GameKit.framework */; };
		9998243F1C11845700B2B1DD /* AppKit.framework in Frameworks */ = {isa = PBXBuildFile; fileRef = 9998243E1C11845700B2B1DD /* AppKit.framework */; };
		999824411C11846300B2B1DD /* CoreData.framework in Frameworks */ = {isa = PBXBuildFile; fileRef = 999824401C11846300B2B1DD /* CoreData.framework */; };
		999824431C11847700B2B1DD /* CoreData.framework in Frameworks */ = {isa = PBXBuildFile; fileRef = 999824421C11847700B2B1DD /* CoreData.framework */; };
		99B16C18172D46180091618D /* Storyboard_iPhone.storyboard in Resources */ = {isa = PBXBuildFile; fileRef = 99B16C16172D46180091618D /* Storyboard_iPhone.storyboard */; };
		99B16C1E172D70AB0091618D /* License.md in Resources */ = {isa = PBXBuildFile; fileRef = 99B16C1C172D70AB0091618D /* License.md */; };
		99B16C1F172D70AB0091618D /* README.md in Resources */ = {isa = PBXBuildFile; fileRef = 99B16C1D172D70AB0091618D /* README.md */; };
		99B16C27172D71130091618D /* GameCenterManager.m in Sources */ = {isa = PBXBuildFile; fileRef = 99B16C22172D71130091618D /* GameCenterManager.m */; };
		99B16C28172D71130091618D /* NSDataAES256.m in Sources */ = {isa = PBXBuildFile; fileRef = 99B16C24172D71130091618D /* NSDataAES256.m */; };
		99B16C29172D71130091618D /* Reachability.m in Sources */ = {isa = PBXBuildFile; fileRef = 99B16C26172D71130091618D /* Reachability.m */; };
		99B3FA1F18773CBE00539A7B /* GameBanner.png in Resources */ = {isa = PBXBuildFile; fileRef = 99B3FA1C18773CBE00539A7B /* GameBanner.png */; };
		99B3FA2018773CBE00539A7B /* GameBanner.psd in Resources */ = {isa = PBXBuildFile; fileRef = 99B3FA1D18773CBE00539A7B /* GameBanner.psd */; };
		99B3FA2118773CBE00539A7B /* Interface.png in Resources */ = {isa = PBXBuildFile; fileRef = 99B3FA1E18773CBE00539A7B /* Interface.png */; };
		99ED4CDB1C1E7BDC00B39320 /* AppDelegate.m in Sources */ = {isa = PBXBuildFile; fileRef = 99ED4CD81C1E7BDC00B39320 /* AppDelegate.m */; };
		99ED4CDC1C1E7BDC00B39320 /* ViewController.m in Sources */ = {isa = PBXBuildFile; fileRef = 99ED4CDA1C1E7BDC00B39320 /* ViewController.m */; };
		99ED4CDD1C1E7D0400B39320 /* NSDataAES256.m in Sources */ = {isa = PBXBuildFile; fileRef = 99B16C24172D71130091618D /* NSDataAES256.m */; };
		99ED4CDE1C1E7D0600B39320 /* Reachability.m in Sources */ = {isa = PBXBuildFile; fileRef = 99B16C26172D71130091618D /* Reachability.m */; };
		99ED4CDF1C1E7D0800B39320 /* GameCenterManager.m in Sources */ = {isa = PBXBuildFile; fileRef = 99B16C22172D71130091618D /* GameCenterManager.m */; };
		99ED4CE01C1E7D0D00B39320 /* GCMMultiplayer.m in Sources */ = {isa = PBXBuildFile; fileRef = A6D07E011C03E0ED00EDC417 /* GCMMultiplayer.m */; };
		99ED4CE11C1E7D0E00B39320 /* GCMMultiplayer.m in Sources */ = {isa = PBXBuildFile; fileRef = A6D07E011C03E0ED00EDC417 /* GCMMultiplayer.m */; };
		99ED4CE31C1E869D00B39320 /* GameKit.framework in Frameworks */ = {isa = PBXBuildFile; fileRef = 99ED4CE21C1E869D00B39320 /* GameKit.framework */; };
		99ED4CE61C1E882300B39320 /* CoreData.framework in Frameworks */ = {isa = PBXBuildFile; fileRef = 99ED4CE51C1E882300B39320 /* CoreData.framework */; };
		99ED4CE81C1E882B00B39320 /* CoreGraphics.framework in Frameworks */ = {isa = PBXBuildFile; fileRef = 99ED4CE71C1E882B00B39320 /* CoreGraphics.framework */; };
		99ED4CEA1C1E883200B39320 /* Foundation.framework in Frameworks */ = {isa = PBXBuildFile; fileRef = 99ED4CE91C1E883200B39320 /* Foundation.framework */; };
		99ED4CEC1C1E883C00B39320 /* SystemConfiguration.framework in Frameworks */ = {isa = PBXBuildFile; fileRef = 99ED4CEB1C1E883C00B39320 /* SystemConfiguration.framework */; };
		99ED4CEE1C1E884200B39320 /* UIKit.framework in Frameworks */ = {isa = PBXBuildFile; fileRef = 99ED4CED1C1E884200B39320 /* UIKit.framework */; };
		A6BACC651A6AC45E00EAABCF /* Storyboard.storyboard in Resources */ = {isa = PBXBuildFile; fileRef = A6BACC641A6AC45E00EAABCF /* Storyboard.storyboard */; };
		A6BACC681A6ACB5100EAABCF /* MacViewController.m in Sources */ = {isa = PBXBuildFile; fileRef = A6BACC671A6ACB5100EAABCF /* MacViewController.m */; };
		A6D07E021C03E0ED00EDC417 /* GCMMultiplayer.m in Sources */ = {isa = PBXBuildFile; fileRef = A6D07E011C03E0ED00EDC417 /* GCMMultiplayer.m */; };
/* End PBXBuildFile section */

/* Begin PBXFileReference section */
		659699D61515718800724EBE /* GameCenterManager.app */ = {isa = PBXFileReference; explicitFileType = wrapper.application; includeInIndex = 0; path = GameCenterManager.app; sourceTree = BUILT_PRODUCTS_DIR; };
		659699DA1515718800724EBE /* UIKit.framework */ = {isa = PBXFileReference; lastKnownFileType = wrapper.framework; name = UIKit.framework; path = System/Library/Frameworks/UIKit.framework; sourceTree = SDKROOT; };
		659699DC1515718800724EBE /* Foundation.framework */ = {isa = PBXFileReference; lastKnownFileType = wrapper.framework; name = Foundation.framework; path = System/Library/Frameworks/Foundation.framework; sourceTree = SDKROOT; };
		659699DE1515718800724EBE /* CoreGraphics.framework */ = {isa = PBXFileReference; lastKnownFileType = wrapper.framework; name = CoreGraphics.framework; path = System/Library/Frameworks/CoreGraphics.framework; sourceTree = SDKROOT; };
		659699E21515718800724EBE /* GameCenterManager-Info.plist */ = {isa = PBXFileReference; lastKnownFileType = text.plist.xml; path = "GameCenterManager-Info.plist"; sourceTree = "<group>"; };
		659699E41515718800724EBE /* en */ = {isa = PBXFileReference; lastKnownFileType = text.plist.strings; name = en; path = en.lproj/InfoPlist.strings; sourceTree = "<group>"; };
		659699E61515718800724EBE /* main.m */ = {isa = PBXFileReference; lastKnownFileType = sourcecode.c.objc; path = main.m; sourceTree = "<group>"; };
		659699E81515718800724EBE /* GameCenterManager-Prefix.pch */ = {isa = PBXFileReference; lastKnownFileType = sourcecode.c.h; path = "GameCenterManager-Prefix.pch"; sourceTree = "<group>"; };
		659699E91515718800724EBE /* AppDelegate.h */ = {isa = PBXFileReference; lastKnownFileType = sourcecode.c.h; path = AppDelegate.h; sourceTree = "<group>"; };
		659699EA1515718800724EBE /* AppDelegate.m */ = {isa = PBXFileReference; lastKnownFileType = sourcecode.c.objc; path = AppDelegate.m; sourceTree = "<group>"; };
		659699EC1515718800724EBE /* ViewController.h */ = {isa = PBXFileReference; lastKnownFileType = sourcecode.c.h; path = ViewController.h; sourceTree = "<group>"; };
		659699ED1515718800724EBE /* ViewController.m */ = {isa = PBXFileReference; lastKnownFileType = sourcecode.c.objc; path = ViewController.m; sourceTree = "<group>"; };
		65969A05151572D800724EBE /* GameKit.framework */ = {isa = PBXFileReference; lastKnownFileType = wrapper.framework; name = GameKit.framework; path = System/Library/Frameworks/GameKit.framework; sourceTree = SDKROOT; };
		65969A0A1515748900724EBE /* SystemConfiguration.framework */ = {isa = PBXFileReference; lastKnownFileType = wrapper.framework; name = SystemConfiguration.framework; path = System/Library/Frameworks/SystemConfiguration.framework; sourceTree = SDKROOT; };
		99108E3B1C1E7A3200BDD25F /* GameCenterManager tvOS.app */ = {isa = PBXFileReference; explicitFileType = wrapper.application; includeInIndex = 0; path = "GameCenterManager tvOS.app"; sourceTree = BUILT_PRODUCTS_DIR; };
		99108E3E1C1E7A3200BDD25F /* main.m */ = {isa = PBXFileReference; lastKnownFileType = sourcecode.c.objc; path = main.m; sourceTree = "<group>"; };
		99108E491C1E7A3200BDD25F /* Base */ = {isa = PBXFileReference; lastKnownFileType = file.storyboard; name = Base; path = Base.lproj/Storyboard_tvOS.storyboard; sourceTree = "<group>"; };
		99108E4D1C1E7A3200BDD25F /* Info.plist */ = {isa = PBXFileReference; lastKnownFileType = text.plist.xml; path = Info.plist; sourceTree = "<group>"; };
		9914B19918711185003C30C2 /* GameCenterManager Mac.entitlements */ = {isa = PBXFileReference; lastKnownFileType = text.xml; path = "GameCenterManager Mac.entitlements"; sourceTree = "<group>"; };
		993EFA1A1847C54A0061C758 /* Changelog.md */ = {isa = PBXFileReference; fileEncoding = 4; lastKnownFileType = text; path = Changelog.md; sourceTree = "<group>"; };
		9940C4441C2007F8008F3618 /* tvOSImages.xcassets */ = {isa = PBXFileReference; lastKnownFileType = folder.assetcatalog; path = tvOSImages.xcassets; sourceTree = "<group>"; };
		994B764C17EE282F008DE309 /* Images.xcassets */ = {isa = PBXFileReference; lastKnownFileType = folder.assetcatalog; path = Images.xcassets; sourceTree = "<group>"; };
		994E294017838BF300EAACD2 /* GameCenterManager Mac.app */ = {isa = PBXFileReference; explicitFileType = wrapper.application; includeInIndex = 0; path = "GameCenterManager Mac.app"; sourceTree = BUILT_PRODUCTS_DIR; };
		994E294917838BF300EAACD2 /* GameCenterManager Mac-Info.plist */ = {isa = PBXFileReference; lastKnownFileType = text.plist.xml; path = "GameCenterManager Mac-Info.plist"; sourceTree = "<group>"; };
		994E294B17838BF300EAACD2 /* en */ = {isa = PBXFileReference; lastKnownFileType = text.plist.strings; name = en; path = en.lproj/InfoPlist.strings; sourceTree = "<group>"; };
		994E294D17838BF300EAACD2 /* main.m */ = {isa = PBXFileReference; lastKnownFileType = sourcecode.c.objc; path = main.m; sourceTree = "<group>"; };
		994E294F17838BF300EAACD2 /* GameCenterManager Mac-Prefix.pch */ = {isa = PBXFileReference; lastKnownFileType = sourcecode.c.h; path = "GameCenterManager Mac-Prefix.pch"; sourceTree = "<group>"; };
		994E295117838BF300EAACD2 /* en */ = {isa = PBXFileReference; lastKnownFileType = text.rtf; name = en; path = en.lproj/Credits.rtf; sourceTree = "<group>"; };
		999824361C1183DF00B2B1DD /* SystemConfiguration.framework */ = {isa = PBXFileReference; lastKnownFileType = wrapper.framework; name = SystemConfiguration.framework; path = Platforms/MacOSX.platform/Developer/SDKs/MacOSX10.11.sdk/System/Library/Frameworks/SystemConfiguration.framework; sourceTree = DEVELOPER_DIR; };
		999824381C11841B00B2B1DD /* Foundation.framework */ = {isa = PBXFileReference; lastKnownFileType = wrapper.framework; name = Foundation.framework; path = Platforms/MacOSX.platform/Developer/SDKs/MacOSX10.11.sdk/System/Library/Frameworks/Foundation.framework; sourceTree = DEVELOPER_DIR; };
		9998243A1C11842100B2B1DD /* Cocoa.framework */ = {isa = PBXFileReference; lastKnownFileType = wrapper.framework; name = Cocoa.framework; path = Platforms/MacOSX.platform/Developer/SDKs/MacOSX10.11.sdk/System/Library/Frameworks/Cocoa.framework; sourceTree = DEVELOPER_DIR; };
		9998243C1C11842900B2B1DD /* GameKit.framework */ = {isa = PBXFileReference; lastKnownFileType = wrapper.framework; name = GameKit.framework; path = Platforms/MacOSX.platform/Developer/SDKs/MacOSX10.11.sdk/System/Library/Frameworks/GameKit.framework; sourceTree = DEVELOPER_DIR; };
		9998243E1C11845700B2B1DD /* AppKit.framework */ = {isa = PBXFileReference; lastKnownFileType = wrapper.framework; name = AppKit.framework; path = Platforms/MacOSX.platform/Developer/SDKs/MacOSX10.11.sdk/System/Library/Frameworks/AppKit.framework; sourceTree = DEVELOPER_DIR; };
		999824401C11846300B2B1DD /* CoreData.framework */ = {isa = PBXFileReference; lastKnownFileType = wrapper.framework; name = CoreData.framework; path = Platforms/MacOSX.platform/Developer/SDKs/MacOSX10.11.sdk/System/Library/Frameworks/CoreData.framework; sourceTree = DEVELOPER_DIR; };
		999824421C11847700B2B1DD /* CoreData.framework */ = {isa = PBXFileReference; lastKnownFileType = wrapper.framework; name = CoreData.framework; path = System/Library/Frameworks/CoreData.framework; sourceTree = SDKROOT; };
		99B16C17172D46180091618D /* en */ = {isa = PBXFileReference; lastKnownFileType = file.storyboard; name = en; path = en.lproj/Storyboard_iPhone.storyboard; sourceTree = "<group>"; };
		99B16C1C172D70AB0091618D /* License.md */ = {isa = PBXFileReference; fileEncoding = 4; lastKnownFileType = text; path = License.md; sourceTree = "<group>"; };
		99B16C1D172D70AB0091618D /* README.md */ = {isa = PBXFileReference; fileEncoding = 4; lastKnownFileType = text; path = README.md; sourceTree = "<group>"; };
		99B16C21172D71130091618D /* GameCenterManager.h */ = {isa = PBXFileReference; fileEncoding = 4; lastKnownFileType = sourcecode.c.h; path = GameCenterManager.h; sourceTree = "<group>"; };
		99B16C22172D71130091618D /* GameCenterManager.m */ = {isa = PBXFileReference; fileEncoding = 4; lastKnownFileType = sourcecode.c.objc; path = GameCenterManager.m; sourceTree = "<group>"; };
		99B16C23172D71130091618D /* NSDataAES256.h */ = {isa = PBXFileReference; fileEncoding = 4; lastKnownFileType = sourcecode.c.h; path = NSDataAES256.h; sourceTree = "<group>"; };
		99B16C24172D71130091618D /* NSDataAES256.m */ = {isa = PBXFileReference; fileEncoding = 4; lastKnownFileType = sourcecode.c.objc; path = NSDataAES256.m; sourceTree = "<group>"; };
		99B16C25172D71130091618D /* Reachability.h */ = {isa = PBXFileReference; fileEncoding = 4; lastKnownFileType = sourcecode.c.h; path = Reachability.h; sourceTree = "<group>"; };
		99B16C26172D71130091618D /* Reachability.m */ = {isa = PBXFileReference; fileEncoding = 4; lastKnownFileType = sourcecode.c.objc; path = Reachability.m; sourceTree = "<group>"; };
		99B3FA1C18773CBE00539A7B /* GameBanner.png */ = {isa = PBXFileReference; lastKnownFileType = image.png; path = GameBanner.png; sourceTree = "<group>"; };
		99B3FA1D18773CBE00539A7B /* GameBanner.psd */ = {isa = PBXFileReference; lastKnownFileType = file; path = GameBanner.psd; sourceTree = "<group>"; };
		99B3FA1E18773CBE00539A7B /* Interface.png */ = {isa = PBXFileReference; lastKnownFileType = image.png; path = Interface.png; sourceTree = "<group>"; };
		99ED4CD71C1E7BDC00B39320 /* AppDelegate.h */ = {isa = PBXFileReference; fileEncoding = 4; lastKnownFileType = sourcecode.c.h; path = AppDelegate.h; sourceTree = "<group>"; };
		99ED4CD81C1E7BDC00B39320 /* AppDelegate.m */ = {isa = PBXFileReference; fileEncoding = 4; lastKnownFileType = sourcecode.c.objc; path = AppDelegate.m; sourceTree = "<group>"; };
		99ED4CD91C1E7BDC00B39320 /* ViewController.h */ = {isa = PBXFileReference; fileEncoding = 4; lastKnownFileType = sourcecode.c.h; path = ViewController.h; sourceTree = "<group>"; };
		99ED4CDA1C1E7BDC00B39320 /* ViewController.m */ = {isa = PBXFileReference; fileEncoding = 4; lastKnownFileType = sourcecode.c.objc; path = ViewController.m; sourceTree = "<group>"; };
		99ED4CE21C1E869D00B39320 /* GameKit.framework */ = {isa = PBXFileReference; lastKnownFileType = wrapper.framework; name = GameKit.framework; path = Platforms/AppleTVOS.platform/Developer/SDKs/AppleTVOS9.1.sdk/System/Library/Frameworks/GameKit.framework; sourceTree = DEVELOPER_DIR; };
		99ED4CE51C1E882300B39320 /* CoreData.framework */ = {isa = PBXFileReference; lastKnownFileType = wrapper.framework; name = CoreData.framework; path = Platforms/AppleTVOS.platform/Developer/SDKs/AppleTVOS9.1.sdk/System/Library/Frameworks/CoreData.framework; sourceTree = DEVELOPER_DIR; };
		99ED4CE71C1E882B00B39320 /* CoreGraphics.framework */ = {isa = PBXFileReference; lastKnownFileType = wrapper.framework; name = CoreGraphics.framework; path = Platforms/AppleTVOS.platform/Developer/SDKs/AppleTVOS9.1.sdk/System/Library/Frameworks/CoreGraphics.framework; sourceTree = DEVELOPER_DIR; };
		99ED4CE91C1E883200B39320 /* Foundation.framework */ = {isa = PBXFileReference; lastKnownFileType = wrapper.framework; name = Foundation.framework; path = Platforms/AppleTVOS.platform/Developer/SDKs/AppleTVOS9.1.sdk/System/Library/Frameworks/Foundation.framework; sourceTree = DEVELOPER_DIR; };
		99ED4CEB1C1E883C00B39320 /* SystemConfiguration.framework */ = {isa = PBXFileReference; lastKnownFileType = wrapper.framework; name = SystemConfiguration.framework; path = Platforms/AppleTVOS.platform/Developer/SDKs/AppleTVOS9.1.sdk/System/Library/Frameworks/SystemConfiguration.framework; sourceTree = DEVELOPER_DIR; };
		99ED4CED1C1E884200B39320 /* UIKit.framework */ = {isa = PBXFileReference; lastKnownFileType = wrapper.framework; name = UIKit.framework; path = Platforms/AppleTVOS.platform/Developer/SDKs/AppleTVOS9.1.sdk/System/Library/Frameworks/UIKit.framework; sourceTree = DEVELOPER_DIR; };
		A6BACC641A6AC45E00EAABCF /* Storyboard.storyboard */ = {isa = PBXFileReference; fileEncoding = 4; lastKnownFileType = file.storyboard; path = Storyboard.storyboard; sourceTree = "<group>"; };
		A6BACC661A6ACB5100EAABCF /* MacViewController.h */ = {isa = PBXFileReference; fileEncoding = 4; lastKnownFileType = sourcecode.c.h; path = MacViewController.h; sourceTree = "<group>"; };
		A6BACC671A6ACB5100EAABCF /* MacViewController.m */ = {isa = PBXFileReference; fileEncoding = 4; lastKnownFileType = sourcecode.c.objc; path = MacViewController.m; sourceTree = "<group>"; };
		A6D07E001C03E0ED00EDC417 /* GCMMultiplayer.h */ = {isa = PBXFileReference; fileEncoding = 4; lastKnownFileType = sourcecode.c.h; path = GCMMultiplayer.h; sourceTree = "<group>"; };
		A6D07E011C03E0ED00EDC417 /* GCMMultiplayer.m */ = {isa = PBXFileReference; fileEncoding = 4; lastKnownFileType = sourcecode.c.objc; path = GCMMultiplayer.m; sourceTree = "<group>"; };
		A6D07E031C03E34700EDC417 /* GCMConstants.h */ = {isa = PBXFileReference; fileEncoding = 4; lastKnownFileType = sourcecode.c.h; path = GCMConstants.h; sourceTree = "<group>"; };
/* End PBXFileReference section */

/* Begin PBXFrameworksBuildPhase section */
		659699D31515718800724EBE /* Frameworks */ = {
			isa = PBXFrameworksBuildPhase;
			buildActionMask = 2147483647;
			files = (
				999824431C11847700B2B1DD /* CoreData.framework in Frameworks */,
				65969A0B1515748900724EBE /* SystemConfiguration.framework in Frameworks */,
				65969A06151572D800724EBE /* GameKit.framework in Frameworks */,
				659699DB1515718800724EBE /* UIKit.framework in Frameworks */,
				659699DD1515718800724EBE /* Foundation.framework in Frameworks */,
				659699DF1515718800724EBE /* CoreGraphics.framework in Frameworks */,
			);
			runOnlyForDeploymentPostprocessing = 0;
		};
		99108E381C1E7A3200BDD25F /* Frameworks */ = {
			isa = PBXFrameworksBuildPhase;
			buildActionMask = 2147483647;
			files = (
				99ED4CEE1C1E884200B39320 /* UIKit.framework in Frameworks */,
				99ED4CEC1C1E883C00B39320 /* SystemConfiguration.framework in Frameworks */,
				99ED4CEA1C1E883200B39320 /* Foundation.framework in Frameworks */,
				99ED4CE81C1E882B00B39320 /* CoreGraphics.framework in Frameworks */,
				99ED4CE61C1E882300B39320 /* CoreData.framework in Frameworks */,
				99ED4CE31C1E869D00B39320 /* GameKit.framework in Frameworks */,
			);
			runOnlyForDeploymentPostprocessing = 0;
		};
		994E293D17838BF300EAACD2 /* Frameworks */ = {
			isa = PBXFrameworksBuildPhase;
			buildActionMask = 2147483647;
			files = (
				999824411C11846300B2B1DD /* CoreData.framework in Frameworks */,
				9998243F1C11845700B2B1DD /* AppKit.framework in Frameworks */,
				9998243D1C11842900B2B1DD /* GameKit.framework in Frameworks */,
				9998243B1C11842100B2B1DD /* Cocoa.framework in Frameworks */,
				999824391C11841B00B2B1DD /* Foundation.framework in Frameworks */,
				999824371C1183DF00B2B1DD /* SystemConfiguration.framework in Frameworks */,
			);
			runOnlyForDeploymentPostprocessing = 0;
		};
/* End PBXFrameworksBuildPhase section */

/* Begin PBXGroup section */
		659699CB1515718700724EBE = {
			isa = PBXGroup;
			children = (
				99B16C1D172D70AB0091618D /* README.md */,
				993EFA1A1847C54A0061C758 /* Changelog.md */,
				99B16C1C172D70AB0091618D /* License.md */,
				994B764C17EE282F008DE309 /* Images.xcassets */,
				99B3FA1B18773CBE00539A7B /* Images */,
				99B16C20172D71090091618D /* GC Manager */,
				659699E01515718800724EBE /* GameCenterManager iOS */,
				994E294717838BF300EAACD2 /* GameCenterManager Mac */,
				99108E3C1C1E7A3200BDD25F /* GameCenterManager tvOS */,
				659699D91515718800724EBE /* Frameworks */,
				659699D71515718800724EBE /* Products */,
			);
			sourceTree = "<group>";
		};
		659699D71515718800724EBE /* Products */ = {
			isa = PBXGroup;
			children = (
				659699D61515718800724EBE /* GameCenterManager.app */,
				994E294017838BF300EAACD2 /* GameCenterManager Mac.app */,
				99108E3B1C1E7A3200BDD25F /* GameCenterManager tvOS.app */,
			);
			name = Products;
			sourceTree = "<group>";
		};
		659699D91515718800724EBE /* Frameworks */ = {
			isa = PBXGroup;
			children = (
				99ED4CE41C1E881000B39320 /* tvOS */,
				994E295F17838C2D00EAACD2 /* OS X */,
				994E295E17838C1900EAACD2 /* iOS */,
			);
			name = Frameworks;
			sourceTree = "<group>";
		};
		659699E01515718800724EBE /* GameCenterManager iOS */ = {
			isa = PBXGroup;
			children = (
				659699E91515718800724EBE /* AppDelegate.h */,
				659699EA1515718800724EBE /* AppDelegate.m */,
				659699EC1515718800724EBE /* ViewController.h */,
				659699ED1515718800724EBE /* ViewController.m */,
				659699E11515718800724EBE /* Supporting Files */,
			);
			name = "GameCenterManager iOS";
			path = GameCenterManager;
			sourceTree = "<group>";
		};
		659699E11515718800724EBE /* Supporting Files */ = {
			isa = PBXGroup;
			children = (
				99B16C16172D46180091618D /* Storyboard_iPhone.storyboard */,
				659699E21515718800724EBE /* GameCenterManager-Info.plist */,
				659699E31515718800724EBE /* InfoPlist.strings */,
				659699E81515718800724EBE /* GameCenterManager-Prefix.pch */,
				659699E61515718800724EBE /* main.m */,
			);
			name = "Supporting Files";
			sourceTree = "<group>";
		};
		99108E3C1C1E7A3200BDD25F /* GameCenterManager tvOS */ = {
			isa = PBXGroup;
			children = (
				99ED4CD71C1E7BDC00B39320 /* AppDelegate.h */,
				99ED4CD81C1E7BDC00B39320 /* AppDelegate.m */,
				99ED4CD91C1E7BDC00B39320 /* ViewController.h */,
				99ED4CDA1C1E7BDC00B39320 /* ViewController.m */,
				99108E3D1C1E7A3200BDD25F /* Supporting Files */,
			);
			path = "GameCenterManager tvOS";
			sourceTree = "<group>";
		};
		99108E3D1C1E7A3200BDD25F /* Supporting Files */ = {
			isa = PBXGroup;
			children = (
				9940C4441C2007F8008F3618 /* tvOSImages.xcassets */,
				99108E481C1E7A3200BDD25F /* Storyboard_tvOS.storyboard */,
				99108E4D1C1E7A3200BDD25F /* Info.plist */,
				99108E3E1C1E7A3200BDD25F /* main.m */,
			);
			name = "Supporting Files";
			sourceTree = "<group>";
		};
		994E294717838BF300EAACD2 /* GameCenterManager Mac */ = {
			isa = PBXGroup;
			children = (
				A6BACC661A6ACB5100EAABCF /* MacViewController.h */,
				A6BACC671A6ACB5100EAABCF /* MacViewController.m */,
				994E294817838BF300EAACD2 /* Supporting Files */,
			);
			path = "GameCenterManager Mac";
			sourceTree = "<group>";
		};
		994E294817838BF300EAACD2 /* Supporting Files */ = {
			isa = PBXGroup;
			children = (
				A6BACC641A6AC45E00EAABCF /* Storyboard.storyboard */,
				9914B19918711185003C30C2 /* GameCenterManager Mac.entitlements */,
				994E294917838BF300EAACD2 /* GameCenterManager Mac-Info.plist */,
				994E294A17838BF300EAACD2 /* InfoPlist.strings */,
				994E295017838BF300EAACD2 /* Credits.rtf */,
				994E294F17838BF300EAACD2 /* GameCenterManager Mac-Prefix.pch */,
				994E294D17838BF300EAACD2 /* main.m */,
			);
			name = "Supporting Files";
			sourceTree = "<group>";
		};
		994E295E17838C1900EAACD2 /* iOS */ = {
			isa = PBXGroup;
			children = (
				999824421C11847700B2B1DD /* CoreData.framework */,
				659699DE1515718800724EBE /* CoreGraphics.framework */,
				659699DC1515718800724EBE /* Foundation.framework */,
				65969A05151572D800724EBE /* GameKit.framework */,
				65969A0A1515748900724EBE /* SystemConfiguration.framework */,
				659699DA1515718800724EBE /* UIKit.framework */,
			);
			name = iOS;
			sourceTree = "<group>";
		};
		994E295F17838C2D00EAACD2 /* OS X */ = {
			isa = PBXGroup;
			children = (
				999824401C11846300B2B1DD /* CoreData.framework */,
				9998243E1C11845700B2B1DD /* AppKit.framework */,
				9998243C1C11842900B2B1DD /* GameKit.framework */,
				9998243A1C11842100B2B1DD /* Cocoa.framework */,
				999824381C11841B00B2B1DD /* Foundation.framework */,
				999824361C1183DF00B2B1DD /* SystemConfiguration.framework */,
			);
			name = "OS X";
			sourceTree = "<group>";
		};
		99B0162C1754FD7700F56A5C /* Dependencies */ = {
			isa = PBXGroup;
			children = (
				99B0162D1754FD8800F56A5C /* Security */,
				99B0162E1754FD9100F56A5C /* Internet */,
			);
			name = Dependencies;
			sourceTree = "<group>";
		};
		99B0162D1754FD8800F56A5C /* Security */ = {
			isa = PBXGroup;
			children = (
				99B16C23172D71130091618D /* NSDataAES256.h */,
				99B16C24172D71130091618D /* NSDataAES256.m */,
			);
			name = Security;
			sourceTree = "<group>";
		};
		99B0162E1754FD9100F56A5C /* Internet */ = {
			isa = PBXGroup;
			children = (
				99B16C25172D71130091618D /* Reachability.h */,
				99B16C26172D71130091618D /* Reachability.m */,
			);
			name = Internet;
			sourceTree = "<group>";
		};
		99B16C20172D71090091618D /* GC Manager */ = {
			isa = PBXGroup;
			children = (
				99B0162C1754FD7700F56A5C /* Dependencies */,
				99B16C21172D71130091618D /* GameCenterManager.h */,
				99B16C22172D71130091618D /* GameCenterManager.m */,
				A6D07E001C03E0ED00EDC417 /* GCMMultiplayer.h */,
				A6D07E011C03E0ED00EDC417 /* GCMMultiplayer.m */,
				A6D07E031C03E34700EDC417 /* GCMConstants.h */,
			);
			path = "GC Manager";
			sourceTree = "<group>";
		};
		99B3FA1B18773CBE00539A7B /* Images */ = {
			isa = PBXGroup;
			children = (
				99B3FA1C18773CBE00539A7B /* GameBanner.png */,
				99B3FA1D18773CBE00539A7B /* GameBanner.psd */,
				99B3FA1E18773CBE00539A7B /* Interface.png */,
			);
			path = Images;
			sourceTree = "<group>";
		};
		99ED4CE41C1E881000B39320 /* tvOS */ = {
			isa = PBXGroup;
			children = (
				99ED4CE51C1E882300B39320 /* CoreData.framework */,
				99ED4CE71C1E882B00B39320 /* CoreGraphics.framework */,
				99ED4CE91C1E883200B39320 /* Foundation.framework */,
				99ED4CE21C1E869D00B39320 /* GameKit.framework */,
				99ED4CEB1C1E883C00B39320 /* SystemConfiguration.framework */,
				99ED4CED1C1E884200B39320 /* UIKit.framework */,
			);
			name = tvOS;
			sourceTree = "<group>";
		};
/* End PBXGroup section */

/* Begin PBXNativeTarget section */
		659699D51515718800724EBE /* GameCenterManager */ = {
			isa = PBXNativeTarget;
			buildConfigurationList = 659699F71515718800724EBE /* Build configuration list for PBXNativeTarget "GameCenterManager" */;
			buildPhases = (
				659699D21515718800724EBE /* Sources */,
				659699D31515718800724EBE /* Frameworks */,
				659699D41515718800724EBE /* Resources */,
			);
			buildRules = (
			);
			dependencies = (
			);
			name = GameCenterManager;
			productName = GameCenterManager;
			productReference = 659699D61515718800724EBE /* GameCenterManager.app */;
			productType = "com.apple.product-type.application";
		};
		99108E3A1C1E7A3200BDD25F /* GameCenterManager tvOS */ = {
			isa = PBXNativeTarget;
			buildConfigurationList = 99108E501C1E7A3200BDD25F /* Build configuration list for PBXNativeTarget "GameCenterManager tvOS" */;
			buildPhases = (
				99108E371C1E7A3200BDD25F /* Sources */,
				99108E381C1E7A3200BDD25F /* Frameworks */,
				99108E391C1E7A3200BDD25F /* Resources */,
			);
			buildRules = (
			);
			dependencies = (
			);
			name = "GameCenterManager tvOS";
			productName = "GameCenterManager tvOS";
			productReference = 99108E3B1C1E7A3200BDD25F /* GameCenterManager tvOS.app */;
			productType = "com.apple.product-type.application";
		};
		994E293F17838BF300EAACD2 /* GameCenterManager Mac */ = {
			isa = PBXNativeTarget;
			buildConfigurationList = 994E295B17838BF300EAACD2 /* Build configuration list for PBXNativeTarget "GameCenterManager Mac" */;
			buildPhases = (
				994E293C17838BF300EAACD2 /* Sources */,
				994E293D17838BF300EAACD2 /* Frameworks */,
				994E293E17838BF300EAACD2 /* Resources */,
			);
			buildRules = (
			);
			dependencies = (
			);
			name = "GameCenterManager Mac";
			productName = "GameCenterManager Mac";
			productReference = 994E294017838BF300EAACD2 /* GameCenterManager Mac.app */;
			productType = "com.apple.product-type.application";
		};
/* End PBXNativeTarget section */

/* Begin PBXProject section */
		659699CD1515718700724EBE /* Project object */ = {
			isa = PBXProject;
			attributes = {
				KnownAssetTags = (
					"com.apple.gamecenter.Dashboard Image",
					com.apple.gamecenter.Leaderboard,
					com.apple.gamecenter.PlayerScores,
				);
				LastUpgradeCheck = 0710;
				ORGANIZATIONNAME = "NABZ Software";
				TargetAttributes = {
					99108E3A1C1E7A3200BDD25F = {
						CreatedOnToolsVersion = 7.2;
						DevelopmentTeam = KM34QPF66V;
						SystemCapabilities = {
							com.apple.GameCenter = {
								enabled = 1;
							};
						};
					};
					994E293F17838BF300EAACD2 = {
						DevelopmentTeam = 243F4RK8Z3;
						SystemCapabilities = {
							com.apple.Sandbox = {
								enabled = 1;
							};
						};
					};
				};
			};
			buildConfigurationList = 659699D01515718700724EBE /* Build configuration list for PBXProject "GameCenterManager" */;
			compatibilityVersion = "Xcode 3.2";
			developmentRegion = English;
			hasScannedForEncodings = 0;
			knownRegions = (
				en,
				Base,
			);
			mainGroup = 659699CB1515718700724EBE;
			productRefGroup = 659699D71515718800724EBE /* Products */;
			projectDirPath = "";
			projectRoot = "";
			targets = (
				659699D51515718800724EBE /* GameCenterManager */,
				994E293F17838BF300EAACD2 /* GameCenterManager Mac */,
				99108E3A1C1E7A3200BDD25F /* GameCenterManager tvOS */,
			);
		};
/* End PBXProject section */

/* Begin PBXResourcesBuildPhase section */
		659699D41515718800724EBE /* Resources */ = {
			isa = PBXResourcesBuildPhase;
			buildActionMask = 2147483647;
			files = (
				9940C4411C200795008F3618 /* Images.xcassets in Resources */,
				659699E51515718800724EBE /* InfoPlist.strings in Resources */,
				99B16C18172D46180091618D /* Storyboard_iPhone.storyboard in Resources */,
				99B3FA2118773CBE00539A7B /* Interface.png in Resources */,
				99B3FA2018773CBE00539A7B /* GameBanner.psd in Resources */,
				99B16C1E172D70AB0091618D /* License.md in Resources */,
				99B16C1F172D70AB0091618D /* README.md in Resources */,
				99B3FA1F18773CBE00539A7B /* GameBanner.png in Resources */,
				993EFA1B1847C54A0061C758 /* Changelog.md in Resources */,
			);
			runOnlyForDeploymentPostprocessing = 0;
		};
		99108E391C1E7A3200BDD25F /* Resources */ = {
			isa = PBXResourcesBuildPhase;
			buildActionMask = 2147483647;
			files = (
				99108E4A1C1E7A3200BDD25F /* Storyboard_tvOS.storyboard in Resources */,
				9940C4451C2007F8008F3618 /* tvOSImages.xcassets in Resources */,
			);
			runOnlyForDeploymentPostprocessing = 0;
		};
		994E293E17838BF300EAACD2 /* Resources */ = {
			isa = PBXResourcesBuildPhase;
			buildActionMask = 2147483647;
			files = (
				994E294C17838BF300EAACD2 /* InfoPlist.strings in Resources */,
				9940C4421C2007A6008F3618 /* Images.xcassets in Resources */,
				994E295217838BF300EAACD2 /* Credits.rtf in Resources */,
				A6BACC651A6AC45E00EAABCF /* Storyboard.storyboard in Resources */,
			);
			runOnlyForDeploymentPostprocessing = 0;
		};
/* End PBXResourcesBuildPhase section */

/* Begin PBXSourcesBuildPhase section */
		659699D21515718800724EBE /* Sources */ = {
			isa = PBXSourcesBuildPhase;
			buildActionMask = 2147483647;
			files = (
				659699E71515718800724EBE /* main.m in Sources */,
				659699EB1515718800724EBE /* AppDelegate.m in Sources */,
				659699EE1515718800724EBE /* ViewController.m in Sources */,
				99B16C27172D71130091618D /* GameCenterManager.m in Sources */,
				99B16C28172D71130091618D /* NSDataAES256.m in Sources */,
				99B16C29172D71130091618D /* Reachability.m in Sources */,
				A6D07E021C03E0ED00EDC417 /* GCMMultiplayer.m in Sources */,
			);
			runOnlyForDeploymentPostprocessing = 0;
		};
		99108E371C1E7A3200BDD25F /* Sources */ = {
			isa = PBXSourcesBuildPhase;
			buildActionMask = 2147483647;
			files = (
				99ED4CDC1C1E7BDC00B39320 /* ViewController.m in Sources */,
				99ED4CDB1C1E7BDC00B39320 /* AppDelegate.m in Sources */,
				99ED4CDF1C1E7D0800B39320 /* GameCenterManager.m in Sources */,
				99ED4CDD1C1E7D0400B39320 /* NSDataAES256.m in Sources */,
				99108E3F1C1E7A3200BDD25F /* main.m in Sources */,
				99ED4CDE1C1E7D0600B39320 /* Reachability.m in Sources */,
				99ED4CE01C1E7D0D00B39320 /* GCMMultiplayer.m in Sources */,
			);
			runOnlyForDeploymentPostprocessing = 0;
		};
		994E293C17838BF300EAACD2 /* Sources */ = {
			isa = PBXSourcesBuildPhase;
			buildActionMask = 2147483647;
			files = (
				A6BACC681A6ACB5100EAABCF /* MacViewController.m in Sources */,
				994E294E17838BF300EAACD2 /* main.m in Sources */,
				993EFA181847C37A0061C758 /* NSDataAES256.m in Sources */,
				993EFA171847C2E30061C758 /* GameCenterManager.m in Sources */,
				99ED4CE11C1E7D0E00B39320 /* GCMMultiplayer.m in Sources */,
				993EFA191847C37E0061C758 /* Reachability.m in Sources */,
			);
			runOnlyForDeploymentPostprocessing = 0;
		};
/* End PBXSourcesBuildPhase section */

/* Begin PBXVariantGroup section */
		659699E31515718800724EBE /* InfoPlist.strings */ = {
			isa = PBXVariantGroup;
			children = (
				659699E41515718800724EBE /* en */,
			);
			name = InfoPlist.strings;
			sourceTree = "<group>";
		};
		99108E481C1E7A3200BDD25F /* Storyboard_tvOS.storyboard */ = {
			isa = PBXVariantGroup;
			children = (
				99108E491C1E7A3200BDD25F /* Base */,
			);
			name = Storyboard_tvOS.storyboard;
			sourceTree = "<group>";
		};
		994E294A17838BF300EAACD2 /* InfoPlist.strings */ = {
			isa = PBXVariantGroup;
			children = (
				994E294B17838BF300EAACD2 /* en */,
			);
			name = InfoPlist.strings;
			sourceTree = "<group>";
		};
		994E295017838BF300EAACD2 /* Credits.rtf */ = {
			isa = PBXVariantGroup;
			children = (
				994E295117838BF300EAACD2 /* en */,
			);
			name = Credits.rtf;
			sourceTree = "<group>";
		};
		99B16C16172D46180091618D /* Storyboard_iPhone.storyboard */ = {
			isa = PBXVariantGroup;
			children = (
				99B16C17172D46180091618D /* en */,
			);
			name = Storyboard_iPhone.storyboard;
			sourceTree = "<group>";
		};
/* End PBXVariantGroup section */

/* Begin XCBuildConfiguration section */
		659699F51515718800724EBE /* Debug */ = {
			isa = XCBuildConfiguration;
			buildSettings = {
				ALWAYS_SEARCH_USER_PATHS = NO;
				CLANG_WARN_BOOL_CONVERSION = YES;
				CLANG_WARN_CONSTANT_CONVERSION = YES;
				CLANG_WARN_EMPTY_BODY = YES;
				CLANG_WARN_ENUM_CONVERSION = YES;
				CLANG_WARN_INT_CONVERSION = YES;
				CLANG_WARN_UNREACHABLE_CODE = YES;
				CLANG_WARN__DUPLICATE_METHOD_MATCH = YES;
				"CODE_SIGN_IDENTITY[sdk=iphoneos*]" = "";
				COPY_PHASE_STRIP = NO;
				ENABLE_STRICT_OBJC_MSGSEND = YES;
				ENABLE_TESTABILITY = YES;
				GCC_C_LANGUAGE_STANDARD = gnu99;
				GCC_DYNAMIC_NO_PIC = NO;
				GCC_NO_COMMON_BLOCKS = YES;
				GCC_OPTIMIZATION_LEVEL = 0;
				GCC_PREPROCESSOR_DEFINITIONS = (
					"DEBUG=1",
					"$(inherited)",
				);
				GCC_SYMBOLS_PRIVATE_EXTERN = NO;
				GCC_THUMB_SUPPORT = NO;
				GCC_VERSION = com.apple.compilers.llvm.clang.1_0;
				GCC_WARN_64_TO_32_BIT_CONVERSION = YES;
				GCC_WARN_ABOUT_MISSING_PROTOTYPES = YES;
				GCC_WARN_ABOUT_RETURN_TYPE = YES;
				GCC_WARN_UNDECLARED_SELECTOR = YES;
				GCC_WARN_UNINITIALIZED_AUTOS = YES;
				GCC_WARN_UNUSED_FUNCTION = YES;
				GCC_WARN_UNUSED_VARIABLE = YES;
				IPHONEOS_DEPLOYMENT_TARGET = 7.0;
				MACOSX_DEPLOYMENT_TARGET = 10.9;
				ONLY_ACTIVE_ARCH = YES;
				SDKROOT = iphoneos;
				TARGETED_DEVICE_FAMILY = "1,2";
			};
			name = Debug;
		};
		659699F61515718800724EBE /* Release */ = {
			isa = XCBuildConfiguration;
			buildSettings = {
				ALWAYS_SEARCH_USER_PATHS = NO;
				CLANG_WARN_BOOL_CONVERSION = YES;
				CLANG_WARN_CONSTANT_CONVERSION = YES;
				CLANG_WARN_EMPTY_BODY = YES;
				CLANG_WARN_ENUM_CONVERSION = YES;
				CLANG_WARN_INT_CONVERSION = YES;
				CLANG_WARN_UNREACHABLE_CODE = YES;
				CLANG_WARN__DUPLICATE_METHOD_MATCH = YES;
				"CODE_SIGN_IDENTITY[sdk=iphoneos*]" = "iPhone Developer";
				COPY_PHASE_STRIP = YES;
				ENABLE_STRICT_OBJC_MSGSEND = YES;
				GCC_C_LANGUAGE_STANDARD = gnu99;
				GCC_NO_COMMON_BLOCKS = YES;
				GCC_THUMB_SUPPORT = NO;
				GCC_VERSION = com.apple.compilers.llvm.clang.1_0;
				GCC_WARN_64_TO_32_BIT_CONVERSION = YES;
				GCC_WARN_ABOUT_MISSING_PROTOTYPES = YES;
				GCC_WARN_ABOUT_RETURN_TYPE = YES;
				GCC_WARN_UNDECLARED_SELECTOR = YES;
				GCC_WARN_UNINITIALIZED_AUTOS = YES;
				GCC_WARN_UNUSED_FUNCTION = YES;
				GCC_WARN_UNUSED_VARIABLE = YES;
				IPHONEOS_DEPLOYMENT_TARGET = 7.0;
				MACOSX_DEPLOYMENT_TARGET = 10.9;
				OTHER_CFLAGS = "-DNS_BLOCK_ASSERTIONS=1";
				SDKROOT = iphoneos;
				TARGETED_DEVICE_FAMILY = "1,2";
				VALIDATE_PRODUCT = YES;
			};
			name = Release;
		};
		659699F81515718800724EBE /* Debug */ = {
			isa = XCBuildConfiguration;
			buildSettings = {
				ASSETCATALOG_COMPILER_APPICON_NAME = AppIcon;
				ASSETCATALOG_COMPILER_LAUNCHIMAGE_NAME = LaunchImage;
				CLANG_ENABLE_MODULES = YES;
				CLANG_ENABLE_OBJC_ARC = YES;
				GCC_PRECOMPILE_PREFIX_HEADER = YES;
				GCC_PREFIX_HEADER = "GameCenterManager/GameCenterManager-Prefix.pch";
				GCC_THUMB_SUPPORT = NO;
				INFOPLIST_FILE = "GameCenterManager/GameCenterManager-Info.plist";
				IPHONEOS_DEPLOYMENT_TARGET = 7.0;
				ONLY_ACTIVE_ARCH = NO;
				PRODUCT_NAME = "$(TARGET_NAME)";
				TARGETED_DEVICE_FAMILY = 1;
				WRAPPER_EXTENSION = app;
			};
			name = Debug;
		};
		659699F91515718800724EBE /* Release */ = {
			isa = XCBuildConfiguration;
			buildSettings = {
				ASSETCATALOG_COMPILER_APPICON_NAME = AppIcon;
				ASSETCATALOG_COMPILER_LAUNCHIMAGE_NAME = LaunchImage;
				CLANG_ENABLE_MODULES = YES;
				CLANG_ENABLE_OBJC_ARC = YES;
				GCC_PRECOMPILE_PREFIX_HEADER = YES;
				GCC_PREFIX_HEADER = "GameCenterManager/GameCenterManager-Prefix.pch";
				GCC_THUMB_SUPPORT = NO;
				INFOPLIST_FILE = "GameCenterManager/GameCenterManager-Info.plist";
				IPHONEOS_DEPLOYMENT_TARGET = 7.0;
				PRODUCT_NAME = "$(TARGET_NAME)";
				TARGETED_DEVICE_FAMILY = 1;
				WRAPPER_EXTENSION = app;
			};
			name = Release;
		};
		99108E4E1C1E7A3200BDD25F /* Debug */ = {
			isa = XCBuildConfiguration;
			buildSettings = {
				ASSETCATALOG_COMPILER_APPICON_NAME = "Brand Assets";
				ASSETCATALOG_COMPILER_LAUNCHIMAGE_NAME = LaunchImage;
				CLANG_CXX_LANGUAGE_STANDARD = "gnu++0x";
				CLANG_CXX_LIBRARY = "libc++";
				CLANG_ENABLE_MODULES = YES;
				CLANG_ENABLE_OBJC_ARC = YES;
				CLANG_WARN_DIRECT_OBJC_ISA_USAGE = YES_ERROR;
				CLANG_WARN_OBJC_ROOT_CLASS = YES_ERROR;
				CODE_SIGN_IDENTITY = "iPhone Developer";
				"CODE_SIGN_IDENTITY[sdk=appletvos*]" = "iPhone Developer";
				DEBUG_INFORMATION_FORMAT = "dwarf-with-dsym";
				GCC_WARN_ABOUT_RETURN_TYPE = YES_ERROR;
				GCC_WARN_UNINITIALIZED_AUTOS = YES_AGGRESSIVE;
				INFOPLIST_FILE = "GameCenterManager tvOS/Info.plist";
				LD_RUNPATH_SEARCH_PATHS = "$(inherited) @executable_path/Frameworks";
				MTL_ENABLE_DEBUG_INFO = YES;
				PRODUCT_BUNDLE_IDENTIFIER = com.github.nihalahmed.GameCenterManager;
				PRODUCT_NAME = "$(TARGET_NAME)";
				PROVISIONING_PROFILE = "";
				SDKROOT = appletvos;
				TARGETED_DEVICE_FAMILY = 3;
				TVOS_DEPLOYMENT_TARGET = 9.1;
			};
			name = Debug;
		};
		99108E4F1C1E7A3200BDD25F /* Release */ = {
			isa = XCBuildConfiguration;
			buildSettings = {
				ASSETCATALOG_COMPILER_APPICON_NAME = "Brand Assets";
				ASSETCATALOG_COMPILER_LAUNCHIMAGE_NAME = LaunchImage;
				CLANG_CXX_LANGUAGE_STANDARD = "gnu++0x";
				CLANG_CXX_LIBRARY = "libc++";
				CLANG_ENABLE_MODULES = YES;
				CLANG_ENABLE_OBJC_ARC = YES;
				CLANG_WARN_DIRECT_OBJC_ISA_USAGE = YES_ERROR;
				CLANG_WARN_OBJC_ROOT_CLASS = YES_ERROR;
				CODE_SIGN_IDENTITY = "iPhone Developer";
				"CODE_SIGN_IDENTITY[sdk=appletvos*]" = "iPhone Developer";
				COPY_PHASE_STRIP = NO;
				DEBUG_INFORMATION_FORMAT = "dwarf-with-dsym";
				ENABLE_NS_ASSERTIONS = NO;
				GCC_WARN_ABOUT_RETURN_TYPE = YES_ERROR;
				GCC_WARN_UNINITIALIZED_AUTOS = YES_AGGRESSIVE;
				INFOPLIST_FILE = "GameCenterManager tvOS/Info.plist";
				LD_RUNPATH_SEARCH_PATHS = "$(inherited) @executable_path/Frameworks";
				MTL_ENABLE_DEBUG_INFO = NO;
				PRODUCT_BUNDLE_IDENTIFIER = com.github.nihalahmed.GameCenterManager;
				PRODUCT_NAME = "$(TARGET_NAME)";
				PROVISIONING_PROFILE = "";
				SDKROOT = appletvos;
				TARGETED_DEVICE_FAMILY = 3;
				TVOS_DEPLOYMENT_TARGET = 9.1;
			};
			name = Release;
		};
		994E295917838BF300EAACD2 /* Debug */ = {
			isa = XCBuildConfiguration;
			buildSettings = {
				ASSETCATALOG_COMPILER_APPICON_NAME = MacAppIcon;
				CLANG_CXX_LANGUAGE_STANDARD = "gnu++0x";
				CLANG_CXX_LIBRARY = "libc++";
				CLANG_ENABLE_MODULES = YES;
				CLANG_ENABLE_OBJC_ARC = YES;
				CLANG_WARN_EMPTY_BODY = YES;
				CODE_SIGN_ENTITLEMENTS = "GameCenterManager Mac/GameCenterManager Mac.entitlements";
				COMBINE_HIDPI_IMAGES = YES;
				FRAMEWORK_SEARCH_PATHS = (
					"$(inherited)",
					"\"$(SYSTEM_APPS_DIR)/Xcode.app/Contents/Developer/Library/Frameworks\"",
				);
				GCC_ENABLE_OBJC_EXCEPTIONS = YES;
				GCC_PRECOMPILE_PREFIX_HEADER = YES;
				GCC_PREFIX_HEADER = "GameCenterManager Mac/GameCenterManager Mac-Prefix.pch";
				GCC_WARN_64_TO_32_BIT_CONVERSION = YES;
				INFOPLIST_FILE = "GameCenterManager Mac/GameCenterManager Mac-Info.plist";
				MACOSX_DEPLOYMENT_TARGET = 10.10;
				ONLY_ACTIVE_ARCH = NO;
				PRODUCT_BUNDLE_IDENTIFIER = com.gamecentermanager;
				PRODUCT_NAME = "$(TARGET_NAME)";
				SDKROOT = macosx;
				WRAPPER_EXTENSION = app;
			};
			name = Debug;
		};
		994E295A17838BF300EAACD2 /* Release */ = {
			isa = XCBuildConfiguration;
			buildSettings = {
				ASSETCATALOG_COMPILER_APPICON_NAME = MacAppIcon;
				CLANG_CXX_LANGUAGE_STANDARD = "gnu++0x";
				CLANG_CXX_LIBRARY = "libc++";
				CLANG_ENABLE_MODULES = YES;
				CLANG_ENABLE_OBJC_ARC = YES;
				CLANG_WARN_EMPTY_BODY = YES;
				CODE_SIGN_ENTITLEMENTS = "GameCenterManager Mac/GameCenterManager Mac.entitlements";
				COMBINE_HIDPI_IMAGES = YES;
				DEBUG_INFORMATION_FORMAT = "dwarf-with-dsym";
				FRAMEWORK_SEARCH_PATHS = (
					"$(inherited)",
					"\"$(SYSTEM_APPS_DIR)/Xcode.app/Contents/Developer/Library/Frameworks\"",
				);
				GCC_ENABLE_OBJC_EXCEPTIONS = YES;
				GCC_PRECOMPILE_PREFIX_HEADER = YES;
				GCC_PREFIX_HEADER = "GameCenterManager Mac/GameCenterManager Mac-Prefix.pch";
				GCC_WARN_64_TO_32_BIT_CONVERSION = YES;
				INFOPLIST_FILE = "GameCenterManager Mac/GameCenterManager Mac-Info.plist";
				MACOSX_DEPLOYMENT_TARGET = 10.10;
				PRODUCT_BUNDLE_IDENTIFIER = com.gamecentermanager;
				PRODUCT_NAME = "$(TARGET_NAME)";
				SDKROOT = macosx;
				WRAPPER_EXTENSION = app;
			};
			name = Release;
		};
/* End XCBuildConfiguration section */

/* Begin XCConfigurationList section */
		659699D01515718700724EBE /* Build configuration list for PBXProject "GameCenterManager" */ = {
			isa = XCConfigurationList;
			buildConfigurations = (
				659699F51515718800724EBE /* Debug */,
				659699F61515718800724EBE /* Release */,
			);
			defaultConfigurationIsVisible = 0;
			defaultConfigurationName = Release;
		};
		659699F71515718800724EBE /* Build configuration list for PBXNativeTarget "GameCenterManager" */ = {
			isa = XCConfigurationList;
			buildConfigurations = (
				659699F81515718800724EBE /* Debug */,
				659699F91515718800724EBE /* Release */,
			);
			defaultConfigurationIsVisible = 0;
			defaultConfigurationName = Release;
		};
		99108E501C1E7A3200BDD25F /* Build configuration list for PBXNativeTarget "GameCenterManager tvOS" */ = {
			isa = XCConfigurationList;
			buildConfigurations = (
				99108E4E1C1E7A3200BDD25F /* Debug */,
				99108E4F1C1E7A3200BDD25F /* Release */,
			);
			defaultConfigurationIsVisible = 0;
			defaultConfigurationName = Release;
		};
		994E295B17838BF300EAACD2 /* Build configuration list for PBXNativeTarget "GameCenterManager Mac" */ = {
			isa = XCConfigurationList;
			buildConfigurations = (
				994E295917838BF300EAACD2 /* Debug */,
				994E295A17838BF300EAACD2 /* Release */,
			);
			defaultConfigurationIsVisible = 0;
			defaultConfigurationName = Release;
		};
/* End XCConfigurationList section */
	};
	rootObject = 659699CD1515718700724EBE /* Project object */;
}
